Microsoft Visual Studio Solution File, Format Version 12.00
# Visual Studio Version 16
VisualStudioVersion = 16.0.29920.165
MinimumVisualStudioVersion = 10.0.40219.1
Project("{FAE04EC0-301F-11D3-BF4B-00C04F79EFBC}") = "PieChartExample.Android", "PieChartExample.Android\PieChartExample.Android.csproj", "{138DB67B-31DF-4684-BE5D-2889B504F09A}"
EndProject
Project("{FAE04EC0-301F-11D3-BF4B-00C04F79EFBC}") = "PieChartExample.iOS", "PieChartExample.iOS\PieChartExample.iOS.csproj", "{BDB5B967-2DE2-4D40-AB8F-CEC5EAD0E65C}"
EndProject
Project("{9A19103F-16F7-4668-BE54-9A1E7A4F7556}") = "PieChartExample", "PieChartExample\PieChartExample.csproj", "{F79A01EA-2CEB-4FAD-A645-EEBA505C3361}"
EndProject
Global
	GlobalSection(SolutionConfigurationPlatforms) = preSolution
		Ad-Hoc|Any CPU = Ad-Hoc|Any CPU
		Ad-Hoc|iPhone = Ad-Hoc|iPhone
		Ad-Hoc|iPhoneSimulator = Ad-Hoc|iPhoneSimulator
		AppStore|Any CPU = AppStore|Any CPU
		AppStore|iPhone = AppStore|iPhone
		AppStore|iPhoneSimulator = AppStore|iPhoneSimulator
		Debug|Any CPU = Debug|Any CPU
		Debug|iPhone = Debug|iPhone
		Debug|iPhoneSimulator = Debug|iPhoneSimulator
		Release|Any CPU = Release|Any CPU
		Release|iPhone = Release|iPhone
		Release|iPhoneSimulator = Release|iPhoneSimulator
	EndGlobalSection
	GlobalSection(ProjectConfigurationPlatforms) = postSolution
		{138DB67B-31DF-4684-BE5D-2889B504F09A}.Ad-Hoc|Any CPU.ActiveCfg = Release|Any CPU
		{138DB67B-31DF-4684-BE5D-2889B504F09A}.Ad-Hoc|Any CPU.Build.0 = Release|Any CPU
		{138DB67B-31DF-4684-BE5D-2889B504F09A}.Ad-Hoc|Any CPU.Deploy.0 = Release|Any CPU
		{138DB67B-31DF-4684-BE5D-2889B504F09A}.Ad-Hoc|iPhone.ActiveCfg = Debug|Any CPU
		{138DB67B-31DF-4684-BE5D-2889B504F09A}.Ad-Hoc|iPhone.Build.0 = Debug|Any CPU
		{138DB67B-31DF-4684-BE5D-2889B504F09A}.Ad-Hoc|iPhoneSimulator.ActiveCfg = Release|Any CPU
		{138DB67B-31DF-4684-BE5D-2889B504F09A}.Ad-Hoc|iPhoneSimulator.Build.0 = Release|Any CPU
		{138DB67B-31DF-4684-BE5D-2889B504F09A}.Ad-Hoc|iPhoneSimulator.Deploy.0 = Release|Any CPU
		{138DB67B-31DF-4684-BE5D-2889B504F09A}.AppStore|Any CPU.ActiveCfg = Release|Any CPU
		{138DB67B-31DF-4684-BE5D-2889B504F09A}.AppStore|Any CPU.Build.0 = Release|Any CPU
		{138DB67B-31DF-4684-BE5D-2889B504F09A}.AppStore|Any CPU.Deploy.0 = Release|Any CPU
		{138DB67B-31DF-4684-BE5D-2889B504F09A}.AppStore|iPhone.ActiveCfg = Debug|Any CPU
		{138DB67B-31DF-4684-BE5D-2889B504F09A}.AppStore|iPhone.Build.0 = Debug|Any CPU
		{138DB67B-31DF-4684-BE5D-2889B504F09A}.AppStore|iPhoneSimulator.ActiveCfg = Release|Any CPU
		{138DB67B-31DF-4684-BE5D-2889B504F09A}.AppStore|iPhoneSimulator.Build.0 = Release|Any CPU
		{138DB67B-31DF-4684-BE5D-2889B504F09A}.AppStore|iPhoneSimulator.Deploy.0 = Release|Any CPU
		{138DB67B-31DF-4684-BE5D-2889B504F09A}.Debug|Any CPU.ActiveCfg = Debug|Any CPU
		{138DB67B-31DF-4684-BE5D-2889B504F09A}.Debug|Any CPU.Build.0 = Debug|Any CPU
		{138DB67B-31DF-4684-BE5D-2889B504F09A}.Debug|Any CPU.Deploy.0 = Debug|Any CPU
		{138DB67B-31DF-4684-BE5D-2889B504F09A}.Debug|iPhone.ActiveCfg = Debug|Any CPU
		{138DB67B-31DF-4684-BE5D-2889B504F09A}.Debug|iPhone.Build.0 = Debug|Any CPU
		{138DB67B-31DF-4684-BE5D-2889B504F09A}.Debug|iPhoneSimulator.ActiveCfg = Debug|Any CPU
		{138DB67B-31DF-4684-BE5D-2889B504F09A}.Debug|iPhoneSimulator.Build.0 = Debug|Any CPU
		{138DB67B-31DF-4684-BE5D-2889B504F09A}.Debug|iPhoneSimulator.Deploy.0 = Debug|Any CPU
		{138DB67B-31DF-4684-BE5D-2889B504F09A}.Release|Any CPU.ActiveCfg = Release|Any CPU
		{138DB67B-31DF-4684-BE5D-2889B504F09A}.Release|Any CPU.Build.0 = Release|Any CPU
		{138DB67B-31DF-4684-BE5D-2889B504F09A}.Release|iPhone.ActiveCfg = Release|Any CPU
		{138DB67B-31DF-4684-BE5D-2889B504F09A}.Release|iPhone.Build.0 = Release|Any CPU
		{138DB67B-31DF-4684-BE5D-2889B504F09A}.Release|iPhoneSimulator.ActiveCfg = Release|Any CPU
		{138DB67B-31DF-4684-BE5D-2889B504F09A}.Release|iPhoneSimulator.Build.0 = Release|Any CPU
		{BDB5B967-2DE2-4D40-AB8F-CEC5EAD0E65C}.Ad-Hoc|Any CPU.ActiveCfg = Ad-Hoc|iPhoneSimulator
		{BDB5B967-2DE2-4D40-AB8F-CEC5EAD0E65C}.Ad-Hoc|iPhone.ActiveCfg = Ad-Hoc|iPhone
		{BDB5B967-2DE2-4D40-AB8F-CEC5EAD0E65C}.Ad-Hoc|iPhone.Build.0 = Ad-Hoc|iPhone
		{BDB5B967-2DE2-4D40-AB8F-CEC5EAD0E65C}.Ad-Hoc|iPhoneSimulator.ActiveCfg = Ad-Hoc|iPhoneSimulator
		{BDB5B967-2DE2-4D40-AB8F-CEC5EAD0E65C}.Ad-Hoc|iPhoneSimulator.Build.0 = Ad-Hoc|iPhoneSimulator
		{BDB5B967-2DE2-4D40-AB8F-CEC5EAD0E65C}.AppStore|Any CPU.ActiveCfg = AppStore|iPhoneSimulator
		{BDB5B967-2DE2-4D40-AB8F-CEC5EAD0E65C}.AppStore|iPhone.ActiveCfg = AppStore|iPhone
		{BDB5B967-2DE2-4D40-AB8F-CEC5EAD0E65C}.AppStore|iPhone.Build.0 = AppStore|iPhone
		{BDB5B967-2DE2-4D40-AB8F-CEC5EAD0E65C}.AppStore|iPhoneSimulator.ActiveCfg = AppStore|iPhoneSimulator
		{BDB5B967-2DE2-4D40-AB8F-CEC5EAD0E65C}.AppStore|iPhoneSimulator.Build.0 = AppStore|iPhoneSimulator
		{BDB5B967-2DE2-4D40-AB8F-CEC5EAD0E65C}.Debug|Any CPU.ActiveCfg = Debug|iPhoneSimulator
		{BDB5B967-2DE2-4D40-AB8F-CEC5EAD0E65C}.Debug|Any CPU.Build.0 = Debug|iPhoneSimulator
		{BDB5B967-2DE2-4D40-AB8F-CEC5EAD0E65C}.Debug|iPhone.ActiveCfg = Debug|iPhone
		{BDB5B967-2DE2-4D40-AB8F-CEC5EAD0E65C}.Debug|iPhone.Build.0 = Debug|iPhone
		{BDB5B967-2DE2-4D40-AB8F-CEC5EAD0E65C}.Debug|iPhoneSimulator.ActiveCfg = Debug|iPhoneSimulator
		{BDB5B967-2DE2-4D40-AB8F-CEC5EAD0E65C}.Debug|iPhoneSimulator.Build.0 = Debug|iPhoneSimulator
		{BDB5B967-2DE2-4D40-AB8F-CEC5EAD0E65C}.Release|Any CPU.ActiveCfg = Release|iPhoneSimulator
		{BDB5B967-2DE2-4D40-AB8F-CEC5EAD0E65C}.Release|Any CPU.Build.0 = Release|iPhoneSimulator
		{BDB5B967-2DE2-4D40-AB8F-CEC5EAD0E65C}.Release|iPhone.ActiveCfg = Release|iPhone
		{BDB5B967-2DE2-4D40-AB8F-CEC5EAD0E65C}.Release|iPhone.Build.0 = Release|iPhone
		{BDB5B967-2DE2-4D40-AB8F-CEC5EAD0E65C}.Release|iPhoneSimulator.ActiveCfg = Release|iPhoneSimulator
		{BDB5B967-2DE2-4D40-AB8F-CEC5EAD0E65C}.Release|iPhoneSimulator.Build.0 = Release|iPhoneSimulator
		{F79A01EA-2CEB-4FAD-A645-EEBA505C3361}.Ad-Hoc|Any CPU.ActiveCfg = Release|Any CPU
		{F79A01EA-2CEB-4FAD-A645-EEBA505C3361}.Ad-Hoc|Any CPU.Build.0 = Release|Any CPU
		{F79A01EA-2CEB-4FAD-A645-EEBA505C3361}.Ad-Hoc|iPhone.ActiveCfg = Debug|Any CPU
		{F79A01EA-2CEB-4FAD-A645-EEBA505C3361}.Ad-Hoc|iPhone.Build.0 = Debug|Any CPU
		{F79A01EA-2CEB-4FAD-A645-EEBA505C3361}.Ad-Hoc|iPhoneSimulator.ActiveCfg = Release|Any CPU
		{F79A01EA-2CEB-4FAD-A645-EEBA505C3361}.Ad-Hoc|iPhoneSimulator.Build.0 = Release|Any CPU
		{F79A01EA-2CEB-4FAD-A645-EEBA505C3361}.AppStore|Any CPU.ActiveCfg = Release|Any CPU
		{F79A01EA-2CEB-4FAD-A645-EEBA505C3361}.AppStore|Any CPU.Build.0 = Release|Any CPU
		{F79A01EA-2CEB-4FAD-A645-EEBA505C3361}.AppStore|iPhone.ActiveCfg = Debug|Any CPU
		{F79A01EA-2CEB-4FAD-A645-EEBA505C3361}.AppStore|iPhone.Build.0 = Debug|Any CPU
		{F79A01EA-2CEB-4FAD-A645-EEBA505C3361}.AppStore|iPhoneSimulator.ActiveCfg = Release|Any CPU
		{F79A01EA-2CEB-4FAD-A645-EEBA505C3361}.AppStore|iPhoneSimulator.Build.0 = Release|Any CPU
		{F79A01EA-2CEB-4FAD-A645-EEBA505C3361}.Debug|Any CPU.ActiveCfg = Debug|Any CPU
		{F79A01EA-2CEB-4FAD-A645-EEBA505C3361}.Debug|Any CPU.Build.0 = Debug|Any CPU
		{F79A01EA-2CEB-4FAD-A645-EEBA505C3361}.Debug|iPhone.ActiveCfg = Debug|Any CPU
		{F79A01EA-2CEB-4FAD-A645-EEBA505C3361}.Debug|iPhone.Build.0 = Debug|Any CPU
		{F79A01EA-2CEB-4FAD-A645-EEBA505C3361}.Debug|iPhoneSimulator.ActiveCfg = Debug|Any CPU
		{F79A01EA-2CEB-4FAD-A645-EEBA505C3361}.Debug|iPhoneSimulator.Build.0 = Debug|Any CPU
		{F79A01EA-2CEB-4FAD-A645-EEBA505C3361}.Release|Any CPU.ActiveCfg = Release|Any CPU
		{F79A01EA-2CEB-4FAD-A645-EEBA505C3361}.Release|Any CPU.Build.0 = Release|Any CPU
		{F79A01EA-2CEB-4FAD-A645-EEBA505C3361}.Release|iPhone.ActiveCfg = Release|Any CPU
		{F79A01EA-2CEB-4FAD-A645-EEBA505C3361}.Release|iPhone.Build.0 = Release|Any CPU
		{F79A01EA-2CEB-4FAD-A645-EEBA505C3361}.Release|iPhoneSimulator.ActiveCfg = Release|Any CPU
		{F79A01EA-2CEB-4FAD-A645-EEBA505C3361}.Release|iPhoneSimulator.Build.0 = Release|Any CPU
	EndGlobalSection
	GlobalSection(SolutionProperties) = preSolution
		HideSolutionNode = FALSE
	EndGlobalSection
	GlobalSection(ExtensibilityGlobals) = postSolution
		SolutionGuid = {F7DC5B1A-CD84-43E9-9C62-E4959A9944C6}
	EndGlobalSection
EndGlobal
