Microsoft Visual Studio Solution File, Format Version 12.00
# Visual Studio Version 16
VisualStudioVersion = 16.0.29920.165
MinimumVisualStudioVersion = 10.0.40219.1
Project("{9A19103F-16F7-4668-BE54-9A1E7A4F7556}") = "FinancialChartExample", "FinancialChart\FinancialChartExample\FinancialChartExample.csproj", "{C3280FB6-42BD-4D84-84DB-EB5996AC5B72}"
EndProject
Project("{FAE04EC0-301F-11D3-BF4B-00C04F79EFBC}") = "FinancialChartExample.Android", "FinancialChart\FinancialChartExample.Android\FinancialChartExample.Android.csproj", "{9F808F3D-B38D-48FA-9112-23CF71081D55}"
EndProject
Project("{FAE04EC0-301F-11D3-BF4B-00C04F79EFBC}") = "FinancialChartExample.iOS", "FinancialChart\FinancialChartExample.iOS\FinancialChartExample.iOS.csproj", "{ECE3CBC3-004C-4735-B56D-2446E05417EE}"
EndProject
Project("{9A19103F-16F7-4668-BE54-9A1E7A4F7556}") = "LineSegmentColorizerExample", "LineSegmentColorizer\LineSegmentColorizerExample\LineSegmentColorizerExample.csproj", "{58BDE3A4-02BE-42BA-B281-BD691547CDDE}"
EndProject
Project("{FAE04EC0-301F-11D3-BF4B-00C04F79EFBC}") = "LineSegmentColorizerExample.Android", "LineSegmentColorizer\LineSegmentColorizerExample.Android\LineSegmentColorizerExample.Android.csproj", "{39F3E122-F7E2-4FD5-B2E6-60909DC0A5CF}"
EndProject
Project("{FAE04EC0-301F-11D3-BF4B-00C04F79EFBC}") = "LineSegmentColorizerExample.iOS", "LineSegmentColorizer\LineSegmentColorizerExample.iOS\LineSegmentColorizerExample.iOS.csproj", "{46D3DF10-70C3-4F3B-BB1B-637FFC26350D}"
EndProject
Project("{9A19103F-16F7-4668-BE54-9A1E7A4F7556}") = "AreaSegmentColorizerExample", "AreaSegmentColorizer\AreaSegmentColorizerExample\AreaSegmentColorizerExample.csproj", "{4E923A72-F630-4917-8DDD-9B677EEB40B7}"
EndProject
Project("{FAE04EC0-301F-11D3-BF4B-00C04F79EFBC}") = "AreaSegmentColorizerExample.Android", "AreaSegmentColorizer\AreaSegmentColorizerExample.Android\AreaSegmentColorizerExample.Android.csproj", "{0A17DF23-36CF-4A64-8130-7EC0CF308B16}"
EndProject
Project("{FAE04EC0-301F-11D3-BF4B-00C04F79EFBC}") = "AreaSegmentColorizerExample.iOS", "AreaSegmentColorizer\AreaSegmentColorizerExample.iOS\AreaSegmentColorizerExample.iOS.csproj", "{961C6696-157F-4BE4-9D1F-B6E1E717B7B7}"
EndProject
Project("{9A19103F-16F7-4668-BE54-9A1E7A4F7556}") = "PieChartExample", "DonutSeries-CenterLabel\PieChartExample\PieChartExample.csproj", "{7B2710DC-EFAB-4DA8-91A5-46798F71C885}"
EndProject
Project("{FAE04EC0-301F-11D3-BF4B-00C04F79EFBC}") = "PieChartExample.Android", "DonutSeries-CenterLabel\PieChartExample.Android\PieChartExample.Android.csproj", "{138DB67B-31DF-4684-BE5D-2889B504F09A}"
EndProject
Project("{FAE04EC0-301F-11D3-BF4B-00C04F79EFBC}") = "PieChartExample.iOS", "DonutSeries-CenterLabel\PieChartExample.iOS\PieChartExample.iOS.csproj", "{BDB5B967-2DE2-4D40-AB8F-CEC5EAD0E65C}"
EndProject
Project("{9A19103F-16F7-4668-BE54-9A1E7A4F7556}") = "ColorEachPointColorizerExample", "ColorEachPointColorizer\ColorEachPointColorizerExample\ColorEachPointColorizerExample.csproj", "{EDA58EF3-06F4-48CF-9272-9A7A883E6B5D}"
EndProject
Project("{FAE04EC0-301F-11D3-BF4B-00C04F79EFBC}") = "ColorEachPointColorizerExample.Android", "ColorEachPointColorizer\ColorEachPointColorizerExample.Android\ColorEachPointColorizerExample.Android.csproj", "{FA14EA9E-A5C7-46F8-AE7B-0EDFCFFBD4E2}"
EndProject
Project("{FAE04EC0-301F-11D3-BF4B-00C04F79EFBC}") = "ColorEachPointColorizerExample.iOS", "ColorEachPointColorizer\ColorEachPointColorizerExample.iOS\ColorEachPointColorizerExample.iOS.csproj", "{FC164871-6A84-48D6-8477-DE9A4F0A8F94}"
EndProject
Project("{9A19103F-16F7-4668-BE54-9A1E7A4F7556}") = "ValueRangeColorizerExample", "ValueRangeColorizer\ValueRangeColorizerExample\ValueRangeColorizerExample.csproj", "{7FDB3233-9B72-4D33-93FC-8FE2959AE7AC}"
EndProject
Project("{FAE04EC0-301F-11D3-BF4B-00C04F79EFBC}") = "ValueRangeColorizerExample.Android", "ValueRangeColorizer\ValueRangeColorizerExample.Android\ValueRangeColorizerExample.Android.csproj", "{D4A57935-B2DA-47A3-B30C-E76EEE0F1CD6}"
EndProject
Project("{FAE04EC0-301F-11D3-BF4B-00C04F79EFBC}") = "ValueRangeColorizerExample.iOS", "ValueRangeColorizer\ValueRangeColorizerExample.iOS\ValueRangeColorizerExample.iOS.csproj", "{FB2577DF-2306-4373-9262-4F4E396E3B12}"
EndProject
Global
	GlobalSection(SolutionConfigurationPlatforms) = preSolution
		Ad-Hoc|Any CPU = Ad-Hoc|Any CPU
		Ad-Hoc|iPhone = Ad-Hoc|iPhone
		Ad-Hoc|iPhoneSimulator = Ad-Hoc|iPhoneSimulator
		AppStore|Any CPU = AppStore|Any CPU
		AppStore|iPhone = AppStore|iPhone
		AppStore|iPhoneSimulator = AppStore|iPhoneSimulator
		Debug|Any CPU = Debug|Any CPU
		Debug|iPhone = Debug|iPhone
		Debug|iPhoneSimulator = Debug|iPhoneSimulator
		Release|Any CPU = Release|Any CPU
		Release|iPhone = Release|iPhone
		Release|iPhoneSimulator = Release|iPhoneSimulator
	EndGlobalSection
	GlobalSection(ProjectConfigurationPlatforms) = postSolution
		{C3280FB6-42BD-4D84-84DB-EB5996AC5B72}.Ad-Hoc|Any CPU.ActiveCfg = Debug|Any CPU
		{C3280FB6-42BD-4D84-84DB-EB5996AC5B72}.Ad-Hoc|Any CPU.Build.0 = Debug|Any CPU
		{C3280FB6-42BD-4D84-84DB-EB5996AC5B72}.Ad-Hoc|iPhone.ActiveCfg = Debug|Any CPU
		{C3280FB6-42BD-4D84-84DB-EB5996AC5B72}.Ad-Hoc|iPhone.Build.0 = Debug|Any CPU
		{C3280FB6-42BD-4D84-84DB-EB5996AC5B72}.Ad-Hoc|iPhoneSimulator.ActiveCfg = Debug|Any CPU
		{C3280FB6-42BD-4D84-84DB-EB5996AC5B72}.Ad-Hoc|iPhoneSimulator.Build.0 = Debug|Any CPU
		{C3280FB6-42BD-4D84-84DB-EB5996AC5B72}.AppStore|Any CPU.ActiveCfg = Debug|Any CPU
		{C3280FB6-42BD-4D84-84DB-EB5996AC5B72}.AppStore|Any CPU.Build.0 = Debug|Any CPU
		{C3280FB6-42BD-4D84-84DB-EB5996AC5B72}.AppStore|iPhone.ActiveCfg = Debug|Any CPU
		{C3280FB6-42BD-4D84-84DB-EB5996AC5B72}.AppStore|iPhone.Build.0 = Debug|Any CPU
		{C3280FB6-42BD-4D84-84DB-EB5996AC5B72}.AppStore|iPhoneSimulator.ActiveCfg = Debug|Any CPU
		{C3280FB6-42BD-4D84-84DB-EB5996AC5B72}.AppStore|iPhoneSimulator.Build.0 = Debug|Any CPU
		{C3280FB6-42BD-4D84-84DB-EB5996AC5B72}.Debug|Any CPU.ActiveCfg = Debug|Any CPU
		{C3280FB6-42BD-4D84-84DB-EB5996AC5B72}.Debug|Any CPU.Build.0 = Debug|Any CPU
		{C3280FB6-42BD-4D84-84DB-EB5996AC5B72}.Debug|iPhone.ActiveCfg = Debug|Any CPU
		{C3280FB6-42BD-4D84-84DB-EB5996AC5B72}.Debug|iPhone.Build.0 = Debug|Any CPU
		{C3280FB6-42BD-4D84-84DB-EB5996AC5B72}.Debug|iPhoneSimulator.ActiveCfg = Debug|Any CPU
		{C3280FB6-42BD-4D84-84DB-EB5996AC5B72}.Debug|iPhoneSimulator.Build.0 = Debug|Any CPU
		{C3280FB6-42BD-4D84-84DB-EB5996AC5B72}.Release|Any CPU.ActiveCfg = Release|Any CPU
		{C3280FB6-42BD-4D84-84DB-EB5996AC5B72}.Release|Any CPU.Build.0 = Release|Any CPU
		{C3280FB6-42BD-4D84-84DB-EB5996AC5B72}.Release|iPhone.ActiveCfg = Release|Any CPU
		{C3280FB6-42BD-4D84-84DB-EB5996AC5B72}.Release|iPhone.Build.0 = Release|Any CPU
		{C3280FB6-42BD-4D84-84DB-EB5996AC5B72}.Release|iPhoneSimulator.ActiveCfg = Release|Any CPU
		{C3280FB6-42BD-4D84-84DB-EB5996AC5B72}.Release|iPhoneSimulator.Build.0 = Release|Any CPU
		{9F808F3D-B38D-48FA-9112-23CF71081D55}.Ad-Hoc|Any CPU.ActiveCfg = Release|Any CPU
		{9F808F3D-B38D-48FA-9112-23CF71081D55}.Ad-Hoc|Any CPU.Build.0 = Release|Any CPU
		{9F808F3D-B38D-48FA-9112-23CF71081D55}.Ad-Hoc|Any CPU.Deploy.0 = Release|Any CPU
		{9F808F3D-B38D-48FA-9112-23CF71081D55}.Ad-Hoc|iPhone.ActiveCfg = Release|Any CPU
		{9F808F3D-B38D-48FA-9112-23CF71081D55}.Ad-Hoc|iPhone.Build.0 = Release|Any CPU
		{9F808F3D-B38D-48FA-9112-23CF71081D55}.Ad-Hoc|iPhone.Deploy.0 = Release|Any CPU
		{9F808F3D-B38D-48FA-9112-23CF71081D55}.Ad-Hoc|iPhoneSimulator.ActiveCfg = Release|Any CPU
		{9F808F3D-B38D-48FA-9112-23CF71081D55}.Ad-Hoc|iPhoneSimulator.Build.0 = Release|Any CPU
		{9F808F3D-B38D-48FA-9112-23CF71081D55}.Ad-Hoc|iPhoneSimulator.Deploy.0 = Release|Any CPU
		{9F808F3D-B38D-48FA-9112-23CF71081D55}.AppStore|Any CPU.ActiveCfg = Release|Any CPU
		{9F808F3D-B38D-48FA-9112-23CF71081D55}.AppStore|Any CPU.Build.0 = Release|Any CPU
		{9F808F3D-B38D-48FA-9112-23CF71081D55}.AppStore|Any CPU.Deploy.0 = Release|Any CPU
		{9F808F3D-B38D-48FA-9112-23CF71081D55}.AppStore|iPhone.ActiveCfg = Release|Any CPU
		{9F808F3D-B38D-48FA-9112-23CF71081D55}.AppStore|iPhone.Build.0 = Release|Any CPU
		{9F808F3D-B38D-48FA-9112-23CF71081D55}.AppStore|iPhone.Deploy.0 = Release|Any CPU
		{9F808F3D-B38D-48FA-9112-23CF71081D55}.AppStore|iPhoneSimulator.ActiveCfg = Release|Any CPU
		{9F808F3D-B38D-48FA-9112-23CF71081D55}.AppStore|iPhoneSimulator.Build.0 = Release|Any CPU
		{9F808F3D-B38D-48FA-9112-23CF71081D55}.AppStore|iPhoneSimulator.Deploy.0 = Release|Any CPU
		{9F808F3D-B38D-48FA-9112-23CF71081D55}.Debug|Any CPU.ActiveCfg = Debug|Any CPU
		{9F808F3D-B38D-48FA-9112-23CF71081D55}.Debug|Any CPU.Build.0 = Debug|Any CPU
		{9F808F3D-B38D-48FA-9112-23CF71081D55}.Debug|Any CPU.Deploy.0 = Debug|Any CPU
		{9F808F3D-B38D-48FA-9112-23CF71081D55}.Debug|iPhone.ActiveCfg = Debug|Any CPU
		{9F808F3D-B38D-48FA-9112-23CF71081D55}.Debug|iPhone.Build.0 = Debug|Any CPU
		{9F808F3D-B38D-48FA-9112-23CF71081D55}.Debug|iPhone.Deploy.0 = Debug|Any CPU
		{9F808F3D-B38D-48FA-9112-23CF71081D55}.Debug|iPhoneSimulator.ActiveCfg = Debug|Any CPU
		{9F808F3D-B38D-48FA-9112-23CF71081D55}.Debug|iPhoneSimulator.Build.0 = Debug|Any CPU
		{9F808F3D-B38D-48FA-9112-23CF71081D55}.Debug|iPhoneSimulator.Deploy.0 = Debug|Any CPU
		{9F808F3D-B38D-48FA-9112-23CF71081D55}.Release|Any CPU.ActiveCfg = Release|Any CPU
		{9F808F3D-B38D-48FA-9112-23CF71081D55}.Release|Any CPU.Build.0 = Release|Any CPU
		{9F808F3D-B38D-48FA-9112-23CF71081D55}.Release|Any CPU.Deploy.0 = Release|Any CPU
		{9F808F3D-B38D-48FA-9112-23CF71081D55}.Release|iPhone.ActiveCfg = Release|Any CPU
		{9F808F3D-B38D-48FA-9112-23CF71081D55}.Release|iPhone.Build.0 = Release|Any CPU
		{9F808F3D-B38D-48FA-9112-23CF71081D55}.Release|iPhone.Deploy.0 = Release|Any CPU
		{9F808F3D-B38D-48FA-9112-23CF71081D55}.Release|iPhoneSimulator.ActiveCfg = Release|Any CPU
		{9F808F3D-B38D-48FA-9112-23CF71081D55}.Release|iPhoneSimulator.Build.0 = Release|Any CPU
		{9F808F3D-B38D-48FA-9112-23CF71081D55}.Release|iPhoneSimulator.Deploy.0 = Release|Any CPU
		{ECE3CBC3-004C-4735-B56D-2446E05417EE}.Ad-Hoc|Any CPU.ActiveCfg = Ad-Hoc|iPhone
		{ECE3CBC3-004C-4735-B56D-2446E05417EE}.Ad-Hoc|iPhone.ActiveCfg = Ad-Hoc|iPhone
		{ECE3CBC3-004C-4735-B56D-2446E05417EE}.Ad-Hoc|iPhone.Build.0 = Ad-Hoc|iPhone
		{ECE3CBC3-004C-4735-B56D-2446E05417EE}.Ad-Hoc|iPhoneSimulator.ActiveCfg = Ad-Hoc|iPhoneSimulator
		{ECE3CBC3-004C-4735-B56D-2446E05417EE}.Ad-Hoc|iPhoneSimulator.Build.0 = Ad-Hoc|iPhoneSimulator
		{ECE3CBC3-004C-4735-B56D-2446E05417EE}.AppStore|Any CPU.ActiveCfg = AppStore|iPhone
		{ECE3CBC3-004C-4735-B56D-2446E05417EE}.AppStore|iPhone.ActiveCfg = AppStore|iPhone
		{ECE3CBC3-004C-4735-B56D-2446E05417EE}.AppStore|iPhone.Build.0 = AppStore|iPhone
		{ECE3CBC3-004C-4735-B56D-2446E05417EE}.AppStore|iPhoneSimulator.ActiveCfg = AppStore|iPhoneSimulator
		{ECE3CBC3-004C-4735-B56D-2446E05417EE}.AppStore|iPhoneSimulator.Build.0 = AppStore|iPhoneSimulator
		{ECE3CBC3-004C-4735-B56D-2446E05417EE}.Debug|Any CPU.ActiveCfg = Debug|iPhone
		{ECE3CBC3-004C-4735-B56D-2446E05417EE}.Debug|iPhone.ActiveCfg = Debug|iPhone
		{ECE3CBC3-004C-4735-B56D-2446E05417EE}.Debug|iPhone.Build.0 = Debug|iPhone
		{ECE3CBC3-004C-4735-B56D-2446E05417EE}.Debug|iPhoneSimulator.ActiveCfg = Debug|iPhoneSimulator
		{ECE3CBC3-004C-4735-B56D-2446E05417EE}.Debug|iPhoneSimulator.Build.0 = Debug|iPhoneSimulator
		{ECE3CBC3-004C-4735-B56D-2446E05417EE}.Release|Any CPU.ActiveCfg = Release|iPhone
		{ECE3CBC3-004C-4735-B56D-2446E05417EE}.Release|iPhone.ActiveCfg = Release|iPhone
		{ECE3CBC3-004C-4735-B56D-2446E05417EE}.Release|iPhone.Build.0 = Release|iPhone
		{ECE3CBC3-004C-4735-B56D-2446E05417EE}.Release|iPhoneSimulator.ActiveCfg = Release|iPhoneSimulator
		{ECE3CBC3-004C-4735-B56D-2446E05417EE}.Release|iPhoneSimulator.Build.0 = Release|iPhoneSimulator
		{58BDE3A4-02BE-42BA-B281-BD691547CDDE}.Ad-Hoc|Any CPU.ActiveCfg = Debug|Any CPU
		{58BDE3A4-02BE-42BA-B281-BD691547CDDE}.Ad-Hoc|Any CPU.Build.0 = Debug|Any CPU
		{58BDE3A4-02BE-42BA-B281-BD691547CDDE}.Ad-Hoc|iPhone.ActiveCfg = Debug|Any CPU
		{58BDE3A4-02BE-42BA-B281-BD691547CDDE}.Ad-Hoc|iPhone.Build.0 = Debug|Any CPU
		{58BDE3A4-02BE-42BA-B281-BD691547CDDE}.Ad-Hoc|iPhoneSimulator.ActiveCfg = Debug|Any CPU
		{58BDE3A4-02BE-42BA-B281-BD691547CDDE}.Ad-Hoc|iPhoneSimulator.Build.0 = Debug|Any CPU
		{58BDE3A4-02BE-42BA-B281-BD691547CDDE}.AppStore|Any CPU.ActiveCfg = Debug|Any CPU
		{58BDE3A4-02BE-42BA-B281-BD691547CDDE}.AppStore|Any CPU.Build.0 = Debug|Any CPU
		{58BDE3A4-02BE-42BA-B281-BD691547CDDE}.AppStore|iPhone.ActiveCfg = Debug|Any CPU
		{58BDE3A4-02BE-42BA-B281-BD691547CDDE}.AppStore|iPhone.Build.0 = Debug|Any CPU
		{58BDE3A4-02BE-42BA-B281-BD691547CDDE}.AppStore|iPhoneSimulator.ActiveCfg = Debug|Any CPU
		{58BDE3A4-02BE-42BA-B281-BD691547CDDE}.AppStore|iPhoneSimulator.Build.0 = Debug|Any CPU
		{58BDE3A4-02BE-42BA-B281-BD691547CDDE}.Debug|Any CPU.ActiveCfg = Debug|Any CPU
		{58BDE3A4-02BE-42BA-B281-BD691547CDDE}.Debug|Any CPU.Build.0 = Debug|Any CPU
		{58BDE3A4-02BE-42BA-B281-BD691547CDDE}.Debug|iPhone.ActiveCfg = Debug|Any CPU
		{58BDE3A4-02BE-42BA-B281-BD691547CDDE}.Debug|iPhone.Build.0 = Debug|Any CPU
		{58BDE3A4-02BE-42BA-B281-BD691547CDDE}.Debug|iPhoneSimulator.ActiveCfg = Debug|Any CPU
		{58BDE3A4-02BE-42BA-B281-BD691547CDDE}.Debug|iPhoneSimulator.Build.0 = Debug|Any CPU
		{58BDE3A4-02BE-42BA-B281-BD691547CDDE}.Release|Any CPU.ActiveCfg = Release|Any CPU
		{58BDE3A4-02BE-42BA-B281-BD691547CDDE}.Release|Any CPU.Build.0 = Release|Any CPU
		{58BDE3A4-02BE-42BA-B281-BD691547CDDE}.Release|iPhone.ActiveCfg = Release|Any CPU
		{58BDE3A4-02BE-42BA-B281-BD691547CDDE}.Release|iPhone.Build.0 = Release|Any CPU
		{58BDE3A4-02BE-42BA-B281-BD691547CDDE}.Release|iPhoneSimulator.ActiveCfg = Release|Any CPU
		{58BDE3A4-02BE-42BA-B281-BD691547CDDE}.Release|iPhoneSimulator.Build.0 = Release|Any CPU
		{39F3E122-F7E2-4FD5-B2E6-60909DC0A5CF}.Ad-Hoc|Any CPU.ActiveCfg = Release|Any CPU
		{39F3E122-F7E2-4FD5-B2E6-60909DC0A5CF}.Ad-Hoc|Any CPU.Build.0 = Release|Any CPU
		{39F3E122-F7E2-4FD5-B2E6-60909DC0A5CF}.Ad-Hoc|Any CPU.Deploy.0 = Release|Any CPU
		{39F3E122-F7E2-4FD5-B2E6-60909DC0A5CF}.Ad-Hoc|iPhone.ActiveCfg = Release|Any CPU
		{39F3E122-F7E2-4FD5-B2E6-60909DC0A5CF}.Ad-Hoc|iPhone.Build.0 = Release|Any CPU
		{39F3E122-F7E2-4FD5-B2E6-60909DC0A5CF}.Ad-Hoc|iPhone.Deploy.0 = Release|Any CPU
		{39F3E122-F7E2-4FD5-B2E6-60909DC0A5CF}.Ad-Hoc|iPhoneSimulator.ActiveCfg = Release|Any CPU
		{39F3E122-F7E2-4FD5-B2E6-60909DC0A5CF}.Ad-Hoc|iPhoneSimulator.Build.0 = Release|Any CPU
		{39F3E122-F7E2-4FD5-B2E6-60909DC0A5CF}.Ad-Hoc|iPhoneSimulator.Deploy.0 = Release|Any CPU
		{39F3E122-F7E2-4FD5-B2E6-60909DC0A5CF}.AppStore|Any CPU.ActiveCfg = Release|Any CPU
		{39F3E122-F7E2-4FD5-B2E6-60909DC0A5CF}.AppStore|Any CPU.Build.0 = Release|Any CPU
		{39F3E122-F7E2-4FD5-B2E6-60909DC0A5CF}.AppStore|Any CPU.Deploy.0 = Release|Any CPU
		{39F3E122-F7E2-4FD5-B2E6-60909DC0A5CF}.AppStore|iPhone.ActiveCfg = Release|Any CPU
		{39F3E122-F7E2-4FD5-B2E6-60909DC0A5CF}.AppStore|iPhone.Build.0 = Release|Any CPU
		{39F3E122-F7E2-4FD5-B2E6-60909DC0A5CF}.AppStore|iPhone.Deploy.0 = Release|Any CPU
		{39F3E122-F7E2-4FD5-B2E6-60909DC0A5CF}.AppStore|iPhoneSimulator.ActiveCfg = Release|Any CPU
		{39F3E122-F7E2-4FD5-B2E6-60909DC0A5CF}.AppStore|iPhoneSimulator.Build.0 = Release|Any CPU
		{39F3E122-F7E2-4FD5-B2E6-60909DC0A5CF}.AppStore|iPhoneSimulator.Deploy.0 = Release|Any CPU
		{39F3E122-F7E2-4FD5-B2E6-60909DC0A5CF}.Debug|Any CPU.ActiveCfg = Debug|Any CPU
		{39F3E122-F7E2-4FD5-B2E6-60909DC0A5CF}.Debug|Any CPU.Build.0 = Debug|Any CPU
		{39F3E122-F7E2-4FD5-B2E6-60909DC0A5CF}.Debug|Any CPU.Deploy.0 = Debug|Any CPU
		{39F3E122-F7E2-4FD5-B2E6-60909DC0A5CF}.Debug|iPhone.ActiveCfg = Debug|Any CPU
		{39F3E122-F7E2-4FD5-B2E6-60909DC0A5CF}.Debug|iPhone.Build.0 = Debug|Any CPU
		{39F3E122-F7E2-4FD5-B2E6-60909DC0A5CF}.Debug|iPhone.Deploy.0 = Debug|Any CPU
		{39F3E122-F7E2-4FD5-B2E6-60909DC0A5CF}.Debug|iPhoneSimulator.ActiveCfg = Debug|Any CPU
		{39F3E122-F7E2-4FD5-B2E6-60909DC0A5CF}.Debug|iPhoneSimulator.Build.0 = Debug|Any CPU
		{39F3E122-F7E2-4FD5-B2E6-60909DC0A5CF}.Debug|iPhoneSimulator.Deploy.0 = Debug|Any CPU
		{39F3E122-F7E2-4FD5-B2E6-60909DC0A5CF}.Release|Any CPU.ActiveCfg = Release|Any CPU
		{39F3E122-F7E2-4FD5-B2E6-60909DC0A5CF}.Release|Any CPU.Build.0 = Release|Any CPU
		{39F3E122-F7E2-4FD5-B2E6-60909DC0A5CF}.Release|Any CPU.Deploy.0 = Release|Any CPU
		{39F3E122-F7E2-4FD5-B2E6-60909DC0A5CF}.Release|iPhone.ActiveCfg = Release|Any CPU
		{39F3E122-F7E2-4FD5-B2E6-60909DC0A5CF}.Release|iPhone.Build.0 = Release|Any CPU
		{39F3E122-F7E2-4FD5-B2E6-60909DC0A5CF}.Release|iPhone.Deploy.0 = Release|Any CPU
		{39F3E122-F7E2-4FD5-B2E6-60909DC0A5CF}.Release|iPhoneSimulator.ActiveCfg = Release|Any CPU
		{39F3E122-F7E2-4FD5-B2E6-60909DC0A5CF}.Release|iPhoneSimulator.Build.0 = Release|Any CPU
		{39F3E122-F7E2-4FD5-B2E6-60909DC0A5CF}.Release|iPhoneSimulator.Deploy.0 = Release|Any CPU
		{46D3DF10-70C3-4F3B-BB1B-637FFC26350D}.Ad-Hoc|Any CPU.ActiveCfg = Release|iPhone
		{46D3DF10-70C3-4F3B-BB1B-637FFC26350D}.Ad-Hoc|Any CPU.Build.0 = Release|iPhone
		{46D3DF10-70C3-4F3B-BB1B-637FFC26350D}.Ad-Hoc|iPhone.ActiveCfg = Release|iPhone
		{46D3DF10-70C3-4F3B-BB1B-637FFC26350D}.Ad-Hoc|iPhone.Build.0 = Release|iPhone
		{46D3DF10-70C3-4F3B-BB1B-637FFC26350D}.Ad-Hoc|iPhoneSimulator.ActiveCfg = Release|iPhoneSimulator
		{46D3DF10-70C3-4F3B-BB1B-637FFC26350D}.Ad-Hoc|iPhoneSimulator.Build.0 = Release|iPhoneSimulator
		{46D3DF10-70C3-4F3B-BB1B-637FFC26350D}.AppStore|Any CPU.ActiveCfg = Release|iPhone
		{46D3DF10-70C3-4F3B-BB1B-637FFC26350D}.AppStore|Any CPU.Build.0 = Release|iPhone
		{46D3DF10-70C3-4F3B-BB1B-637FFC26350D}.AppStore|iPhone.ActiveCfg = Release|iPhone
		{46D3DF10-70C3-4F3B-BB1B-637FFC26350D}.AppStore|iPhone.Build.0 = Release|iPhone
		{46D3DF10-70C3-4F3B-BB1B-637FFC26350D}.AppStore|iPhoneSimulator.ActiveCfg = Release|iPhoneSimulator
		{46D3DF10-70C3-4F3B-BB1B-637FFC26350D}.AppStore|iPhoneSimulator.Build.0 = Release|iPhoneSimulator
		{46D3DF10-70C3-4F3B-BB1B-637FFC26350D}.Debug|Any CPU.ActiveCfg = Debug|iPhone
		{46D3DF10-70C3-4F3B-BB1B-637FFC26350D}.Debug|iPhone.ActiveCfg = Debug|iPhone
		{46D3DF10-70C3-4F3B-BB1B-637FFC26350D}.Debug|iPhone.Build.0 = Debug|iPhone
		{46D3DF10-70C3-4F3B-BB1B-637FFC26350D}.Debug|iPhoneSimulator.ActiveCfg = Debug|iPhoneSimulator
		{46D3DF10-70C3-4F3B-BB1B-637FFC26350D}.Debug|iPhoneSimulator.Build.0 = Debug|iPhoneSimulator
		{46D3DF10-70C3-4F3B-BB1B-637FFC26350D}.Release|Any CPU.ActiveCfg = Release|iPhone
		{46D3DF10-70C3-4F3B-BB1B-637FFC26350D}.Release|iPhone.ActiveCfg = Release|iPhone
		{46D3DF10-70C3-4F3B-BB1B-637FFC26350D}.Release|iPhone.Build.0 = Release|iPhone
		{46D3DF10-70C3-4F3B-BB1B-637FFC26350D}.Release|iPhoneSimulator.ActiveCfg = Release|iPhoneSimulator
		{46D3DF10-70C3-4F3B-BB1B-637FFC26350D}.Release|iPhoneSimulator.Build.0 = Release|iPhoneSimulator
		{4E923A72-F630-4917-8DDD-9B677EEB40B7}.Ad-Hoc|Any CPU.ActiveCfg = Debug|Any CPU
		{4E923A72-F630-4917-8DDD-9B677EEB40B7}.Ad-Hoc|Any CPU.Build.0 = Debug|Any CPU
		{4E923A72-F630-4917-8DDD-9B677EEB40B7}.Ad-Hoc|iPhone.ActiveCfg = Debug|Any CPU
		{4E923A72-F630-4917-8DDD-9B677EEB40B7}.Ad-Hoc|iPhone.Build.0 = Debug|Any CPU
		{4E923A72-F630-4917-8DDD-9B677EEB40B7}.Ad-Hoc|iPhoneSimulator.ActiveCfg = Debug|Any CPU
		{4E923A72-F630-4917-8DDD-9B677EEB40B7}.Ad-Hoc|iPhoneSimulator.Build.0 = Debug|Any CPU
		{4E923A72-F630-4917-8DDD-9B677EEB40B7}.AppStore|Any CPU.ActiveCfg = Debug|Any CPU
		{4E923A72-F630-4917-8DDD-9B677EEB40B7}.AppStore|Any CPU.Build.0 = Debug|Any CPU
		{4E923A72-F630-4917-8DDD-9B677EEB40B7}.AppStore|iPhone.ActiveCfg = Debug|Any CPU
		{4E923A72-F630-4917-8DDD-9B677EEB40B7}.AppStore|iPhone.Build.0 = Debug|Any CPU
		{4E923A72-F630-4917-8DDD-9B677EEB40B7}.AppStore|iPhoneSimulator.ActiveCfg = Debug|Any CPU
		{4E923A72-F630-4917-8DDD-9B677EEB40B7}.AppStore|iPhoneSimulator.Build.0 = Debug|Any CPU
		{4E923A72-F630-4917-8DDD-9B677EEB40B7}.Debug|Any CPU.ActiveCfg = Debug|Any CPU
		{4E923A72-F630-4917-8DDD-9B677EEB40B7}.Debug|Any CPU.Build.0 = Debug|Any CPU
		{4E923A72-F630-4917-8DDD-9B677EEB40B7}.Debug|iPhone.ActiveCfg = Debug|Any CPU
		{4E923A72-F630-4917-8DDD-9B677EEB40B7}.Debug|iPhone.Build.0 = Debug|Any CPU
		{4E923A72-F630-4917-8DDD-9B677EEB40B7}.Debug|iPhoneSimulator.ActiveCfg = Debug|Any CPU
		{4E923A72-F630-4917-8DDD-9B677EEB40B7}.Debug|iPhoneSimulator.Build.0 = Debug|Any CPU
		{4E923A72-F630-4917-8DDD-9B677EEB40B7}.Release|Any CPU.ActiveCfg = Release|Any CPU
		{4E923A72-F630-4917-8DDD-9B677EEB40B7}.Release|Any CPU.Build.0 = Release|Any CPU
		{4E923A72-F630-4917-8DDD-9B677EEB40B7}.Release|iPhone.ActiveCfg = Release|Any CPU
		{4E923A72-F630-4917-8DDD-9B677EEB40B7}.Release|iPhone.Build.0 = Release|Any CPU
		{4E923A72-F630-4917-8DDD-9B677EEB40B7}.Release|iPhoneSimulator.ActiveCfg = Release|Any CPU
		{4E923A72-F630-4917-8DDD-9B677EEB40B7}.Release|iPhoneSimulator.Build.0 = Release|Any CPU
		{0A17DF23-36CF-4A64-8130-7EC0CF308B16}.Ad-Hoc|Any CPU.ActiveCfg = Release|Any CPU
		{0A17DF23-36CF-4A64-8130-7EC0CF308B16}.Ad-Hoc|Any CPU.Build.0 = Release|Any CPU
		{0A17DF23-36CF-4A64-8130-7EC0CF308B16}.Ad-Hoc|Any CPU.Deploy.0 = Release|Any CPU
		{0A17DF23-36CF-4A64-8130-7EC0CF308B16}.Ad-Hoc|iPhone.ActiveCfg = Release|Any CPU
		{0A17DF23-36CF-4A64-8130-7EC0CF308B16}.Ad-Hoc|iPhone.Build.0 = Release|Any CPU
		{0A17DF23-36CF-4A64-8130-7EC0CF308B16}.Ad-Hoc|iPhone.Deploy.0 = Release|Any CPU
		{0A17DF23-36CF-4A64-8130-7EC0CF308B16}.Ad-Hoc|iPhoneSimulator.ActiveCfg = Release|Any CPU
		{0A17DF23-36CF-4A64-8130-7EC0CF308B16}.Ad-Hoc|iPhoneSimulator.Build.0 = Release|Any CPU
		{0A17DF23-36CF-4A64-8130-7EC0CF308B16}.Ad-Hoc|iPhoneSimulator.Deploy.0 = Release|Any CPU
		{0A17DF23-36CF-4A64-8130-7EC0CF308B16}.AppStore|Any CPU.ActiveCfg = Release|Any CPU
		{0A17DF23-36CF-4A64-8130-7EC0CF308B16}.AppStore|Any CPU.Build.0 = Release|Any CPU
		{0A17DF23-36CF-4A64-8130-7EC0CF308B16}.AppStore|Any CPU.Deploy.0 = Release|Any CPU
		{0A17DF23-36CF-4A64-8130-7EC0CF308B16}.AppStore|iPhone.ActiveCfg = Release|Any CPU
		{0A17DF23-36CF-4A64-8130-7EC0CF308B16}.AppStore|iPhone.Build.0 = Release|Any CPU
		{0A17DF23-36CF-4A64-8130-7EC0CF308B16}.AppStore|iPhone.Deploy.0 = Release|Any CPU
		{0A17DF23-36CF-4A64-8130-7EC0CF308B16}.AppStore|iPhoneSimulator.ActiveCfg = Release|Any CPU
		{0A17DF23-36CF-4A64-8130-7EC0CF308B16}.AppStore|iPhoneSimulator.Build.0 = Release|Any CPU
		{0A17DF23-36CF-4A64-8130-7EC0CF308B16}.AppStore|iPhoneSimulator.Deploy.0 = Release|Any CPU
		{0A17DF23-36CF-4A64-8130-7EC0CF308B16}.Debug|Any CPU.ActiveCfg = Debug|Any CPU
		{0A17DF23-36CF-4A64-8130-7EC0CF308B16}.Debug|Any CPU.Build.0 = Debug|Any CPU
		{0A17DF23-36CF-4A64-8130-7EC0CF308B16}.Debug|Any CPU.Deploy.0 = Debug|Any CPU
		{0A17DF23-36CF-4A64-8130-7EC0CF308B16}.Debug|iPhone.ActiveCfg = Debug|Any CPU
		{0A17DF23-36CF-4A64-8130-7EC0CF308B16}.Debug|iPhone.Build.0 = Debug|Any CPU
		{0A17DF23-36CF-4A64-8130-7EC0CF308B16}.Debug|iPhone.Deploy.0 = Debug|Any CPU
		{0A17DF23-36CF-4A64-8130-7EC0CF308B16}.Debug|iPhoneSimulator.ActiveCfg = Debug|Any CPU
		{0A17DF23-36CF-4A64-8130-7EC0CF308B16}.Debug|iPhoneSimulator.Build.0 = Debug|Any CPU
		{0A17DF23-36CF-4A64-8130-7EC0CF308B16}.Debug|iPhoneSimulator.Deploy.0 = Debug|Any CPU
		{0A17DF23-36CF-4A64-8130-7EC0CF308B16}.Release|Any CPU.ActiveCfg = Release|Any CPU
		{0A17DF23-36CF-4A64-8130-7EC0CF308B16}.Release|Any CPU.Build.0 = Release|Any CPU
		{0A17DF23-36CF-4A64-8130-7EC0CF308B16}.Release|Any CPU.Deploy.0 = Release|Any CPU
		{0A17DF23-36CF-4A64-8130-7EC0CF308B16}.Release|iPhone.ActiveCfg = Release|Any CPU
		{0A17DF23-36CF-4A64-8130-7EC0CF308B16}.Release|iPhone.Build.0 = Release|Any CPU
		{0A17DF23-36CF-4A64-8130-7EC0CF308B16}.Release|iPhone.Deploy.0 = Release|Any CPU
		{0A17DF23-36CF-4A64-8130-7EC0CF308B16}.Release|iPhoneSimulator.ActiveCfg = Release|Any CPU
		{0A17DF23-36CF-4A64-8130-7EC0CF308B16}.Release|iPhoneSimulator.Build.0 = Release|Any CPU
		{0A17DF23-36CF-4A64-8130-7EC0CF308B16}.Release|iPhoneSimulator.Deploy.0 = Release|Any CPU
		{961C6696-157F-4BE4-9D1F-B6E1E717B7B7}.Ad-Hoc|Any CPU.ActiveCfg = Release|iPhone
		{961C6696-157F-4BE4-9D1F-B6E1E717B7B7}.Ad-Hoc|Any CPU.Build.0 = Release|iPhone
		{961C6696-157F-4BE4-9D1F-B6E1E717B7B7}.Ad-Hoc|iPhone.ActiveCfg = Release|iPhone
		{961C6696-157F-4BE4-9D1F-B6E1E717B7B7}.Ad-Hoc|iPhone.Build.0 = Release|iPhone
		{961C6696-157F-4BE4-9D1F-B6E1E717B7B7}.Ad-Hoc|iPhoneSimulator.ActiveCfg = Release|iPhoneSimulator
		{961C6696-157F-4BE4-9D1F-B6E1E717B7B7}.Ad-Hoc|iPhoneSimulator.Build.0 = Release|iPhoneSimulator
		{961C6696-157F-4BE4-9D1F-B6E1E717B7B7}.AppStore|Any CPU.ActiveCfg = Release|iPhone
		{961C6696-157F-4BE4-9D1F-B6E1E717B7B7}.AppStore|Any CPU.Build.0 = Release|iPhone
		{961C6696-157F-4BE4-9D1F-B6E1E717B7B7}.AppStore|iPhone.ActiveCfg = Release|iPhone
		{961C6696-157F-4BE4-9D1F-B6E1E717B7B7}.AppStore|iPhone.Build.0 = Release|iPhone
		{961C6696-157F-4BE4-9D1F-B6E1E717B7B7}.AppStore|iPhoneSimulator.ActiveCfg = Release|iPhoneSimulator
		{961C6696-157F-4BE4-9D1F-B6E1E717B7B7}.AppStore|iPhoneSimulator.Build.0 = Release|iPhoneSimulator
		{961C6696-157F-4BE4-9D1F-B6E1E717B7B7}.Debug|Any CPU.ActiveCfg = Debug|iPhone
		{961C6696-157F-4BE4-9D1F-B6E1E717B7B7}.Debug|iPhone.ActiveCfg = Debug|iPhone
		{961C6696-157F-4BE4-9D1F-B6E1E717B7B7}.Debug|iPhone.Build.0 = Debug|iPhone
		{961C6696-157F-4BE4-9D1F-B6E1E717B7B7}.Debug|iPhoneSimulator.ActiveCfg = Debug|iPhoneSimulator
		{961C6696-157F-4BE4-9D1F-B6E1E717B7B7}.Debug|iPhoneSimulator.Build.0 = Debug|iPhoneSimulator
		{961C6696-157F-4BE4-9D1F-B6E1E717B7B7}.Release|Any CPU.ActiveCfg = Release|iPhone
		{961C6696-157F-4BE4-9D1F-B6E1E717B7B7}.Release|iPhone.ActiveCfg = Release|iPhone
		{961C6696-157F-4BE4-9D1F-B6E1E717B7B7}.Release|iPhone.Build.0 = Release|iPhone
		{961C6696-157F-4BE4-9D1F-B6E1E717B7B7}.Release|iPhoneSimulator.ActiveCfg = Release|iPhoneSimulator
		{961C6696-157F-4BE4-9D1F-B6E1E717B7B7}.Release|iPhoneSimulator.Build.0 = Release|iPhoneSimulator
		{7B2710DC-EFAB-4DA8-91A5-46798F71C885}.Ad-Hoc|Any CPU.ActiveCfg = Debug|Any CPU
		{7B2710DC-EFAB-4DA8-91A5-46798F71C885}.Ad-Hoc|Any CPU.Build.0 = Debug|Any CPU
		{7B2710DC-EFAB-4DA8-91A5-46798F71C885}.Ad-Hoc|iPhone.ActiveCfg = Debug|Any CPU
		{7B2710DC-EFAB-4DA8-91A5-46798F71C885}.Ad-Hoc|iPhone.Build.0 = Debug|Any CPU
		{7B2710DC-EFAB-4DA8-91A5-46798F71C885}.Ad-Hoc|iPhoneSimulator.ActiveCfg = Debug|Any CPU
		{7B2710DC-EFAB-4DA8-91A5-46798F71C885}.Ad-Hoc|iPhoneSimulator.Build.0 = Debug|Any CPU
		{7B2710DC-EFAB-4DA8-91A5-46798F71C885}.AppStore|Any CPU.ActiveCfg = Debug|Any CPU
		{7B2710DC-EFAB-4DA8-91A5-46798F71C885}.AppStore|Any CPU.Build.0 = Debug|Any CPU
		{7B2710DC-EFAB-4DA8-91A5-46798F71C885}.AppStore|iPhone.ActiveCfg = Debug|Any CPU
		{7B2710DC-EFAB-4DA8-91A5-46798F71C885}.AppStore|iPhone.Build.0 = Debug|Any CPU
		{7B2710DC-EFAB-4DA8-91A5-46798F71C885}.AppStore|iPhoneSimulator.ActiveCfg = Debug|Any CPU
		{7B2710DC-EFAB-4DA8-91A5-46798F71C885}.AppStore|iPhoneSimulator.Build.0 = Debug|Any CPU
		{7B2710DC-EFAB-4DA8-91A5-46798F71C885}.Debug|Any CPU.ActiveCfg = Debug|Any CPU
		{7B2710DC-EFAB-4DA8-91A5-46798F71C885}.Debug|Any CPU.Build.0 = Debug|Any CPU
		{7B2710DC-EFAB-4DA8-91A5-46798F71C885}.Debug|iPhone.ActiveCfg = Debug|Any CPU
		{7B2710DC-EFAB-4DA8-91A5-46798F71C885}.Debug|iPhone.Build.0 = Debug|Any CPU
		{7B2710DC-EFAB-4DA8-91A5-46798F71C885}.Debug|iPhoneSimulator.ActiveCfg = Debug|Any CPU
		{7B2710DC-EFAB-4DA8-91A5-46798F71C885}.Debug|iPhoneSimulator.Build.0 = Debug|Any CPU
		{7B2710DC-EFAB-4DA8-91A5-46798F71C885}.Release|Any CPU.ActiveCfg = Release|Any CPU
		{7B2710DC-EFAB-4DA8-91A5-46798F71C885}.Release|Any CPU.Build.0 = Release|Any CPU
		{7B2710DC-EFAB-4DA8-91A5-46798F71C885}.Release|iPhone.ActiveCfg = Release|Any CPU
		{7B2710DC-EFAB-4DA8-91A5-46798F71C885}.Release|iPhone.Build.0 = Release|Any CPU
		{7B2710DC-EFAB-4DA8-91A5-46798F71C885}.Release|iPhoneSimulator.ActiveCfg = Release|Any CPU
		{7B2710DC-EFAB-4DA8-91A5-46798F71C885}.Release|iPhoneSimulator.Build.0 = Release|Any CPU
		{138DB67B-31DF-4684-BE5D-2889B504F09A}.Ad-Hoc|Any CPU.ActiveCfg = Release|Any CPU
		{138DB67B-31DF-4684-BE5D-2889B504F09A}.Ad-Hoc|Any CPU.Build.0 = Release|Any CPU
		{138DB67B-31DF-4684-BE5D-2889B504F09A}.Ad-Hoc|Any CPU.Deploy.0 = Release|Any CPU
		{138DB67B-31DF-4684-BE5D-2889B504F09A}.Ad-Hoc|iPhone.ActiveCfg = Release|Any CPU
		{138DB67B-31DF-4684-BE5D-2889B504F09A}.Ad-Hoc|iPhone.Build.0 = Release|Any CPU
		{138DB67B-31DF-4684-BE5D-2889B504F09A}.Ad-Hoc|iPhone.Deploy.0 = Release|Any CPU
		{138DB67B-31DF-4684-BE5D-2889B504F09A}.Ad-Hoc|iPhoneSimulator.ActiveCfg = Release|Any CPU
		{138DB67B-31DF-4684-BE5D-2889B504F09A}.Ad-Hoc|iPhoneSimulator.Build.0 = Release|Any CPU
		{138DB67B-31DF-4684-BE5D-2889B504F09A}.Ad-Hoc|iPhoneSimulator.Deploy.0 = Release|Any CPU
		{138DB67B-31DF-4684-BE5D-2889B504F09A}.AppStore|Any CPU.ActiveCfg = Release|Any CPU
		{138DB67B-31DF-4684-BE5D-2889B504F09A}.AppStore|Any CPU.Build.0 = Release|Any CPU
		{138DB67B-31DF-4684-BE5D-2889B504F09A}.AppStore|Any CPU.Deploy.0 = Release|Any CPU
		{138DB67B-31DF-4684-BE5D-2889B504F09A}.AppStore|iPhone.ActiveCfg = Release|Any CPU
		{138DB67B-31DF-4684-BE5D-2889B504F09A}.AppStore|iPhone.Build.0 = Release|Any CPU
		{138DB67B-31DF-4684-BE5D-2889B504F09A}.AppStore|iPhone.Deploy.0 = Release|Any CPU
		{138DB67B-31DF-4684-BE5D-2889B504F09A}.AppStore|iPhoneSimulator.ActiveCfg = Release|Any CPU
		{138DB67B-31DF-4684-BE5D-2889B504F09A}.AppStore|iPhoneSimulator.Build.0 = Release|Any CPU
		{138DB67B-31DF-4684-BE5D-2889B504F09A}.AppStore|iPhoneSimulator.Deploy.0 = Release|Any CPU
		{138DB67B-31DF-4684-BE5D-2889B504F09A}.Debug|Any CPU.ActiveCfg = Debug|Any CPU
		{138DB67B-31DF-4684-BE5D-2889B504F09A}.Debug|Any CPU.Build.0 = Debug|Any CPU
		{138DB67B-31DF-4684-BE5D-2889B504F09A}.Debug|Any CPU.Deploy.0 = Debug|Any CPU
		{138DB67B-31DF-4684-BE5D-2889B504F09A}.Debug|iPhone.ActiveCfg = Debug|Any CPU
		{138DB67B-31DF-4684-BE5D-2889B504F09A}.Debug|iPhone.Build.0 = Debug|Any CPU
		{138DB67B-31DF-4684-BE5D-2889B504F09A}.Debug|iPhone.Deploy.0 = Debug|Any CPU
		{138DB67B-31DF-4684-BE5D-2889B504F09A}.Debug|iPhoneSimulator.ActiveCfg = Debug|Any CPU
		{138DB67B-31DF-4684-BE5D-2889B504F09A}.Debug|iPhoneSimulator.Build.0 = Debug|Any CPU
		{138DB67B-31DF-4684-BE5D-2889B504F09A}.Debug|iPhoneSimulator.Deploy.0 = Debug|Any CPU
		{138DB67B-31DF-4684-BE5D-2889B504F09A}.Release|Any CPU.ActiveCfg = Release|Any CPU
		{138DB67B-31DF-4684-BE5D-2889B504F09A}.Release|Any CPU.Build.0 = Release|Any CPU
		{138DB67B-31DF-4684-BE5D-2889B504F09A}.Release|Any CPU.Deploy.0 = Release|Any CPU
		{138DB67B-31DF-4684-BE5D-2889B504F09A}.Release|iPhone.ActiveCfg = Release|Any CPU
		{138DB67B-31DF-4684-BE5D-2889B504F09A}.Release|iPhone.Build.0 = Release|Any CPU
		{138DB67B-31DF-4684-BE5D-2889B504F09A}.Release|iPhone.Deploy.0 = Release|Any CPU
		{138DB67B-31DF-4684-BE5D-2889B504F09A}.Release|iPhoneSimulator.ActiveCfg = Release|Any CPU
		{138DB67B-31DF-4684-BE5D-2889B504F09A}.Release|iPhoneSimulator.Build.0 = Release|Any CPU
		{138DB67B-31DF-4684-BE5D-2889B504F09A}.Release|iPhoneSimulator.Deploy.0 = Release|Any CPU
		{BDB5B967-2DE2-4D40-AB8F-CEC5EAD0E65C}.Ad-Hoc|Any CPU.ActiveCfg = Ad-Hoc|iPhone
		{BDB5B967-2DE2-4D40-AB8F-CEC5EAD0E65C}.Ad-Hoc|iPhone.ActiveCfg = Ad-Hoc|iPhone
		{BDB5B967-2DE2-4D40-AB8F-CEC5EAD0E65C}.Ad-Hoc|iPhone.Build.0 = Ad-Hoc|iPhone
		{BDB5B967-2DE2-4D40-AB8F-CEC5EAD0E65C}.Ad-Hoc|iPhoneSimulator.ActiveCfg = Ad-Hoc|iPhoneSimulator
		{BDB5B967-2DE2-4D40-AB8F-CEC5EAD0E65C}.Ad-Hoc|iPhoneSimulator.Build.0 = Ad-Hoc|iPhoneSimulator
		{BDB5B967-2DE2-4D40-AB8F-CEC5EAD0E65C}.AppStore|Any CPU.ActiveCfg = AppStore|iPhone
		{BDB5B967-2DE2-4D40-AB8F-CEC5EAD0E65C}.AppStore|iPhone.ActiveCfg = AppStore|iPhone
		{BDB5B967-2DE2-4D40-AB8F-CEC5EAD0E65C}.AppStore|iPhone.Build.0 = AppStore|iPhone
		{BDB5B967-2DE2-4D40-AB8F-CEC5EAD0E65C}.AppStore|iPhoneSimulator.ActiveCfg = AppStore|iPhoneSimulator
		{BDB5B967-2DE2-4D40-AB8F-CEC5EAD0E65C}.AppStore|iPhoneSimulator.Build.0 = AppStore|iPhoneSimulator
		{BDB5B967-2DE2-4D40-AB8F-CEC5EAD0E65C}.Debug|Any CPU.ActiveCfg = Debug|iPhone
		{BDB5B967-2DE2-4D40-AB8F-CEC5EAD0E65C}.Debug|iPhone.ActiveCfg = Debug|iPhone
		{BDB5B967-2DE2-4D40-AB8F-CEC5EAD0E65C}.Debug|iPhone.Build.0 = Debug|iPhone
		{BDB5B967-2DE2-4D40-AB8F-CEC5EAD0E65C}.Debug|iPhoneSimulator.ActiveCfg = Debug|iPhoneSimulator
		{BDB5B967-2DE2-4D40-AB8F-CEC5EAD0E65C}.Debug|iPhoneSimulator.Build.0 = Debug|iPhoneSimulator
		{BDB5B967-2DE2-4D40-AB8F-CEC5EAD0E65C}.Release|Any CPU.ActiveCfg = Release|iPhone
		{BDB5B967-2DE2-4D40-AB8F-CEC5EAD0E65C}.Release|iPhone.ActiveCfg = Release|iPhone
		{BDB5B967-2DE2-4D40-AB8F-CEC5EAD0E65C}.Release|iPhone.Build.0 = Release|iPhone
		{BDB5B967-2DE2-4D40-AB8F-CEC5EAD0E65C}.Release|iPhoneSimulator.ActiveCfg = Release|iPhoneSimulator
		{BDB5B967-2DE2-4D40-AB8F-CEC5EAD0E65C}.Release|iPhoneSimulator.Build.0 = Release|iPhoneSimulator
		{EDA58EF3-06F4-48CF-9272-9A7A883E6B5D}.Ad-Hoc|Any CPU.ActiveCfg = Debug|Any CPU
		{EDA58EF3-06F4-48CF-9272-9A7A883E6B5D}.Ad-Hoc|Any CPU.Build.0 = Debug|Any CPU
		{EDA58EF3-06F4-48CF-9272-9A7A883E6B5D}.Ad-Hoc|iPhone.ActiveCfg = Debug|Any CPU
		{EDA58EF3-06F4-48CF-9272-9A7A883E6B5D}.Ad-Hoc|iPhone.Build.0 = Debug|Any CPU
		{EDA58EF3-06F4-48CF-9272-9A7A883E6B5D}.Ad-Hoc|iPhoneSimulator.ActiveCfg = Debug|Any CPU
		{EDA58EF3-06F4-48CF-9272-9A7A883E6B5D}.Ad-Hoc|iPhoneSimulator.Build.0 = Debug|Any CPU
		{EDA58EF3-06F4-48CF-9272-9A7A883E6B5D}.AppStore|Any CPU.ActiveCfg = Debug|Any CPU
		{EDA58EF3-06F4-48CF-9272-9A7A883E6B5D}.AppStore|Any CPU.Build.0 = Debug|Any CPU
		{EDA58EF3-06F4-48CF-9272-9A7A883E6B5D}.AppStore|iPhone.ActiveCfg = Debug|Any CPU
		{EDA58EF3-06F4-48CF-9272-9A7A883E6B5D}.AppStore|iPhone.Build.0 = Debug|Any CPU
		{EDA58EF3-06F4-48CF-9272-9A7A883E6B5D}.AppStore|iPhoneSimulator.ActiveCfg = Debug|Any CPU
		{EDA58EF3-06F4-48CF-9272-9A7A883E6B5D}.AppStore|iPhoneSimulator.Build.0 = Debug|Any CPU
		{EDA58EF3-06F4-48CF-9272-9A7A883E6B5D}.Debug|Any CPU.ActiveCfg = Debug|Any CPU
		{EDA58EF3-06F4-48CF-9272-9A7A883E6B5D}.Debug|Any CPU.Build.0 = Debug|Any CPU
		{EDA58EF3-06F4-48CF-9272-9A7A883E6B5D}.Debug|iPhone.ActiveCfg = Debug|Any CPU
		{EDA58EF3-06F4-48CF-9272-9A7A883E6B5D}.Debug|iPhone.Build.0 = Debug|Any CPU
		{EDA58EF3-06F4-48CF-9272-9A7A883E6B5D}.Debug|iPhoneSimulator.ActiveCfg = Debug|Any CPU
		{EDA58EF3-06F4-48CF-9272-9A7A883E6B5D}.Debug|iPhoneSimulator.Build.0 = Debug|Any CPU
		{EDA58EF3-06F4-48CF-9272-9A7A883E6B5D}.Release|Any CPU.ActiveCfg = Release|Any CPU
		{EDA58EF3-06F4-48CF-9272-9A7A883E6B5D}.Release|Any CPU.Build.0 = Release|Any CPU
		{EDA58EF3-06F4-48CF-9272-9A7A883E6B5D}.Release|iPhone.ActiveCfg = Release|Any CPU
		{EDA58EF3-06F4-48CF-9272-9A7A883E6B5D}.Release|iPhone.Build.0 = Release|Any CPU
		{EDA58EF3-06F4-48CF-9272-9A7A883E6B5D}.Release|iPhoneSimulator.ActiveCfg = Release|Any CPU
		{EDA58EF3-06F4-48CF-9272-9A7A883E6B5D}.Release|iPhoneSimulator.Build.0 = Release|Any CPU
		{FA14EA9E-A5C7-46F8-AE7B-0EDFCFFBD4E2}.Ad-Hoc|Any CPU.ActiveCfg = Release|Any CPU
		{FA14EA9E-A5C7-46F8-AE7B-0EDFCFFBD4E2}.Ad-Hoc|Any CPU.Build.0 = Release|Any CPU
		{FA14EA9E-A5C7-46F8-AE7B-0EDFCFFBD4E2}.Ad-Hoc|Any CPU.Deploy.0 = Release|Any CPU
		{FA14EA9E-A5C7-46F8-AE7B-0EDFCFFBD4E2}.Ad-Hoc|iPhone.ActiveCfg = Release|Any CPU
		{FA14EA9E-A5C7-46F8-AE7B-0EDFCFFBD4E2}.Ad-Hoc|iPhone.Build.0 = Release|Any CPU
		{FA14EA9E-A5C7-46F8-AE7B-0EDFCFFBD4E2}.Ad-Hoc|iPhone.Deploy.0 = Release|Any CPU
		{FA14EA9E-A5C7-46F8-AE7B-0EDFCFFBD4E2}.Ad-Hoc|iPhoneSimulator.ActiveCfg = Release|Any CPU
		{FA14EA9E-A5C7-46F8-AE7B-0EDFCFFBD4E2}.Ad-Hoc|iPhoneSimulator.Build.0 = Release|Any CPU
		{FA14EA9E-A5C7-46F8-AE7B-0EDFCFFBD4E2}.Ad-Hoc|iPhoneSimulator.Deploy.0 = Release|Any CPU
		{FA14EA9E-A5C7-46F8-AE7B-0EDFCFFBD4E2}.AppStore|Any CPU.ActiveCfg = Release|Any CPU
		{FA14EA9E-A5C7-46F8-AE7B-0EDFCFFBD4E2}.AppStore|Any CPU.Build.0 = Release|Any CPU
		{FA14EA9E-A5C7-46F8-AE7B-0EDFCFFBD4E2}.AppStore|Any CPU.Deploy.0 = Release|Any CPU
		{FA14EA9E-A5C7-46F8-AE7B-0EDFCFFBD4E2}.AppStore|iPhone.ActiveCfg = Release|Any CPU
		{FA14EA9E-A5C7-46F8-AE7B-0EDFCFFBD4E2}.AppStore|iPhone.Build.0 = Release|Any CPU
		{FA14EA9E-A5C7-46F8-AE7B-0EDFCFFBD4E2}.AppStore|iPhone.Deploy.0 = Release|Any CPU
		{FA14EA9E-A5C7-46F8-AE7B-0EDFCFFBD4E2}.AppStore|iPhoneSimulator.ActiveCfg = Release|Any CPU
		{FA14EA9E-A5C7-46F8-AE7B-0EDFCFFBD4E2}.AppStore|iPhoneSimulator.Build.0 = Release|Any CPU
		{FA14EA9E-A5C7-46F8-AE7B-0EDFCFFBD4E2}.AppStore|iPhoneSimulator.Deploy.0 = Release|Any CPU
		{FA14EA9E-A5C7-46F8-AE7B-0EDFCFFBD4E2}.Debug|Any CPU.ActiveCfg = Debug|Any CPU
		{FA14EA9E-A5C7-46F8-AE7B-0EDFCFFBD4E2}.Debug|Any CPU.Build.0 = Debug|Any CPU
		{FA14EA9E-A5C7-46F8-AE7B-0EDFCFFBD4E2}.Debug|Any CPU.Deploy.0 = Debug|Any CPU
		{FA14EA9E-A5C7-46F8-AE7B-0EDFCFFBD4E2}.Debug|iPhone.ActiveCfg = Debug|Any CPU
		{FA14EA9E-A5C7-46F8-AE7B-0EDFCFFBD4E2}.Debug|iPhone.Build.0 = Debug|Any CPU
		{FA14EA9E-A5C7-46F8-AE7B-0EDFCFFBD4E2}.Debug|iPhone.Deploy.0 = Debug|Any CPU
		{FA14EA9E-A5C7-46F8-AE7B-0EDFCFFBD4E2}.Debug|iPhoneSimulator.ActiveCfg = Debug|Any CPU
		{FA14EA9E-A5C7-46F8-AE7B-0EDFCFFBD4E2}.Debug|iPhoneSimulator.Build.0 = Debug|Any CPU
		{FA14EA9E-A5C7-46F8-AE7B-0EDFCFFBD4E2}.Debug|iPhoneSimulator.Deploy.0 = Debug|Any CPU
		{FA14EA9E-A5C7-46F8-AE7B-0EDFCFFBD4E2}.Release|Any CPU.ActiveCfg = Release|Any CPU
		{FA14EA9E-A5C7-46F8-AE7B-0EDFCFFBD4E2}.Release|Any CPU.Build.0 = Release|Any CPU
		{FA14EA9E-A5C7-46F8-AE7B-0EDFCFFBD4E2}.Release|Any CPU.Deploy.0 = Release|Any CPU
		{FA14EA9E-A5C7-46F8-AE7B-0EDFCFFBD4E2}.Release|iPhone.ActiveCfg = Release|Any CPU
		{FA14EA9E-A5C7-46F8-AE7B-0EDFCFFBD4E2}.Release|iPhone.Build.0 = Release|Any CPU
		{FA14EA9E-A5C7-46F8-AE7B-0EDFCFFBD4E2}.Release|iPhone.Deploy.0 = Release|Any CPU
		{FA14EA9E-A5C7-46F8-AE7B-0EDFCFFBD4E2}.Release|iPhoneSimulator.ActiveCfg = Release|Any CPU
		{FA14EA9E-A5C7-46F8-AE7B-0EDFCFFBD4E2}.Release|iPhoneSimulator.Build.0 = Release|Any CPU
		{FA14EA9E-A5C7-46F8-AE7B-0EDFCFFBD4E2}.Release|iPhoneSimulator.Deploy.0 = Release|Any CPU
		{FC164871-6A84-48D6-8477-DE9A4F0A8F94}.Ad-Hoc|Any CPU.ActiveCfg = Release|iPhone
		{FC164871-6A84-48D6-8477-DE9A4F0A8F94}.Ad-Hoc|Any CPU.Build.0 = Release|iPhone
		{FC164871-6A84-48D6-8477-DE9A4F0A8F94}.Ad-Hoc|iPhone.ActiveCfg = Release|iPhone
		{FC164871-6A84-48D6-8477-DE9A4F0A8F94}.Ad-Hoc|iPhone.Build.0 = Release|iPhone
		{FC164871-6A84-48D6-8477-DE9A4F0A8F94}.Ad-Hoc|iPhoneSimulator.ActiveCfg = Release|iPhoneSimulator
		{FC164871-6A84-48D6-8477-DE9A4F0A8F94}.Ad-Hoc|iPhoneSimulator.Build.0 = Release|iPhoneSimulator
		{FC164871-6A84-48D6-8477-DE9A4F0A8F94}.AppStore|Any CPU.ActiveCfg = Release|iPhone
		{FC164871-6A84-48D6-8477-DE9A4F0A8F94}.AppStore|Any CPU.Build.0 = Release|iPhone
		{FC164871-6A84-48D6-8477-DE9A4F0A8F94}.AppStore|iPhone.ActiveCfg = Release|iPhone
		{FC164871-6A84-48D6-8477-DE9A4F0A8F94}.AppStore|iPhone.Build.0 = Release|iPhone
		{FC164871-6A84-48D6-8477-DE9A4F0A8F94}.AppStore|iPhoneSimulator.ActiveCfg = Release|iPhoneSimulator
		{FC164871-6A84-48D6-8477-DE9A4F0A8F94}.AppStore|iPhoneSimulator.Build.0 = Release|iPhoneSimulator
		{FC164871-6A84-48D6-8477-DE9A4F0A8F94}.Debug|Any CPU.ActiveCfg = Debug|iPhone
		{FC164871-6A84-48D6-8477-DE9A4F0A8F94}.Debug|iPhone.ActiveCfg = Debug|iPhone
		{FC164871-6A84-48D6-8477-DE9A4F0A8F94}.Debug|iPhone.Build.0 = Debug|iPhone
		{FC164871-6A84-48D6-8477-DE9A4F0A8F94}.Debug|iPhoneSimulator.ActiveCfg = Debug|iPhoneSimulator
		{FC164871-6A84-48D6-8477-DE9A4F0A8F94}.Debug|iPhoneSimulator.Build.0 = Debug|iPhoneSimulator
		{FC164871-6A84-48D6-8477-DE9A4F0A8F94}.Release|Any CPU.ActiveCfg = Release|iPhone
		{FC164871-6A84-48D6-8477-DE9A4F0A8F94}.Release|iPhone.ActiveCfg = Release|iPhone
		{FC164871-6A84-48D6-8477-DE9A4F0A8F94}.Release|iPhone.Build.0 = Release|iPhone
		{FC164871-6A84-48D6-8477-DE9A4F0A8F94}.Release|iPhoneSimulator.ActiveCfg = Release|iPhoneSimulator
		{FC164871-6A84-48D6-8477-DE9A4F0A8F94}.Release|iPhoneSimulator.Build.0 = Release|iPhoneSimulator
		{7FDB3233-9B72-4D33-93FC-8FE2959AE7AC}.Ad-Hoc|Any CPU.ActiveCfg = Debug|Any CPU
		{7FDB3233-9B72-4D33-93FC-8FE2959AE7AC}.Ad-Hoc|Any CPU.Build.0 = Debug|Any CPU
		{7FDB3233-9B72-4D33-93FC-8FE2959AE7AC}.Ad-Hoc|iPhone.ActiveCfg = Debug|Any CPU
		{7FDB3233-9B72-4D33-93FC-8FE2959AE7AC}.Ad-Hoc|iPhone.Build.0 = Debug|Any CPU
		{7FDB3233-9B72-4D33-93FC-8FE2959AE7AC}.Ad-Hoc|iPhoneSimulator.ActiveCfg = Debug|Any CPU
		{7FDB3233-9B72-4D33-93FC-8FE2959AE7AC}.Ad-Hoc|iPhoneSimulator.Build.0 = Debug|Any CPU
		{7FDB3233-9B72-4D33-93FC-8FE2959AE7AC}.AppStore|Any CPU.ActiveCfg = Debug|Any CPU
		{7FDB3233-9B72-4D33-93FC-8FE2959AE7AC}.AppStore|Any CPU.Build.0 = Debug|Any CPU
		{7FDB3233-9B72-4D33-93FC-8FE2959AE7AC}.AppStore|iPhone.ActiveCfg = Debug|Any CPU
		{7FDB3233-9B72-4D33-93FC-8FE2959AE7AC}.AppStore|iPhone.Build.0 = Debug|Any CPU
		{7FDB3233-9B72-4D33-93FC-8FE2959AE7AC}.AppStore|iPhoneSimulator.ActiveCfg = Debug|Any CPU
		{7FDB3233-9B72-4D33-93FC-8FE2959AE7AC}.AppStore|iPhoneSimulator.Build.0 = Debug|Any CPU
		{7FDB3233-9B72-4D33-93FC-8FE2959AE7AC}.Debug|Any CPU.ActiveCfg = Debug|Any CPU
		{7FDB3233-9B72-4D33-93FC-8FE2959AE7AC}.Debug|Any CPU.Build.0 = Debug|Any CPU
		{7FDB3233-9B72-4D33-93FC-8FE2959AE7AC}.Debug|iPhone.ActiveCfg = Debug|Any CPU
		{7FDB3233-9B72-4D33-93FC-8FE2959AE7AC}.Debug|iPhone.Build.0 = Debug|Any CPU
		{7FDB3233-9B72-4D33-93FC-8FE2959AE7AC}.Debug|iPhoneSimulator.ActiveCfg = Debug|Any CPU
		{7FDB3233-9B72-4D33-93FC-8FE2959AE7AC}.Debug|iPhoneSimulator.Build.0 = Debug|Any CPU
		{7FDB3233-9B72-4D33-93FC-8FE2959AE7AC}.Release|Any CPU.ActiveCfg = Release|Any CPU
		{7FDB3233-9B72-4D33-93FC-8FE2959AE7AC}.Release|Any CPU.Build.0 = Release|Any CPU
		{7FDB3233-9B72-4D33-93FC-8FE2959AE7AC}.Release|iPhone.ActiveCfg = Release|Any CPU
		{7FDB3233-9B72-4D33-93FC-8FE2959AE7AC}.Release|iPhone.Build.0 = Release|Any CPU
		{7FDB3233-9B72-4D33-93FC-8FE2959AE7AC}.Release|iPhoneSimulator.ActiveCfg = Release|Any CPU
		{7FDB3233-9B72-4D33-93FC-8FE2959AE7AC}.Release|iPhoneSimulator.Build.0 = Release|Any CPU
		{D4A57935-B2DA-47A3-B30C-E76EEE0F1CD6}.Ad-Hoc|Any CPU.ActiveCfg = Release|Any CPU
		{D4A57935-B2DA-47A3-B30C-E76EEE0F1CD6}.Ad-Hoc|Any CPU.Build.0 = Release|Any CPU
		{D4A57935-B2DA-47A3-B30C-E76EEE0F1CD6}.Ad-Hoc|Any CPU.Deploy.0 = Release|Any CPU
		{D4A57935-B2DA-47A3-B30C-E76EEE0F1CD6}.Ad-Hoc|iPhone.ActiveCfg = Release|Any CPU
		{D4A57935-B2DA-47A3-B30C-E76EEE0F1CD6}.Ad-Hoc|iPhone.Build.0 = Release|Any CPU
		{D4A57935-B2DA-47A3-B30C-E76EEE0F1CD6}.Ad-Hoc|iPhone.Deploy.0 = Release|Any CPU
		{D4A57935-B2DA-47A3-B30C-E76EEE0F1CD6}.Ad-Hoc|iPhoneSimulator.ActiveCfg = Release|Any CPU
		{D4A57935-B2DA-47A3-B30C-E76EEE0F1CD6}.Ad-Hoc|iPhoneSimulator.Build.0 = Release|Any CPU
		{D4A57935-B2DA-47A3-B30C-E76EEE0F1CD6}.Ad-Hoc|iPhoneSimulator.Deploy.0 = Release|Any CPU
		{D4A57935-B2DA-47A3-B30C-E76EEE0F1CD6}.AppStore|Any CPU.ActiveCfg = Release|Any CPU
		{D4A57935-B2DA-47A3-B30C-E76EEE0F1CD6}.AppStore|Any CPU.Build.0 = Release|Any CPU
		{D4A57935-B2DA-47A3-B30C-E76EEE0F1CD6}.AppStore|Any CPU.Deploy.0 = Release|Any CPU
		{D4A57935-B2DA-47A3-B30C-E76EEE0F1CD6}.AppStore|iPhone.ActiveCfg = Release|Any CPU
		{D4A57935-B2DA-47A3-B30C-E76EEE0F1CD6}.AppStore|iPhone.Build.0 = Release|Any CPU
		{D4A57935-B2DA-47A3-B30C-E76EEE0F1CD6}.AppStore|iPhone.Deploy.0 = Release|Any CPU
		{D4A57935-B2DA-47A3-B30C-E76EEE0F1CD6}.AppStore|iPhoneSimulator.ActiveCfg = Release|Any CPU
		{D4A57935-B2DA-47A3-B30C-E76EEE0F1CD6}.AppStore|iPhoneSimulator.Build.0 = Release|Any CPU
		{D4A57935-B2DA-47A3-B30C-E76EEE0F1CD6}.AppStore|iPhoneSimulator.Deploy.0 = Release|Any CPU
		{D4A57935-B2DA-47A3-B30C-E76EEE0F1CD6}.Debug|Any CPU.ActiveCfg = Debug|Any CPU
		{D4A57935-B2DA-47A3-B30C-E76EEE0F1CD6}.Debug|Any CPU.Build.0 = Debug|Any CPU
		{D4A57935-B2DA-47A3-B30C-E76EEE0F1CD6}.Debug|Any CPU.Deploy.0 = Debug|Any CPU
		{D4A57935-B2DA-47A3-B30C-E76EEE0F1CD6}.Debug|iPhone.ActiveCfg = Debug|Any CPU
		{D4A57935-B2DA-47A3-B30C-E76EEE0F1CD6}.Debug|iPhone.Build.0 = Debug|Any CPU
		{D4A57935-B2DA-47A3-B30C-E76EEE0F1CD6}.Debug|iPhone.Deploy.0 = Debug|Any CPU
		{D4A57935-B2DA-47A3-B30C-E76EEE0F1CD6}.Debug|iPhoneSimulator.ActiveCfg = Debug|Any CPU
		{D4A57935-B2DA-47A3-B30C-E76EEE0F1CD6}.Debug|iPhoneSimulator.Build.0 = Debug|Any CPU
		{D4A57935-B2DA-47A3-B30C-E76EEE0F1CD6}.Debug|iPhoneSimulator.Deploy.0 = Debug|Any CPU
		{D4A57935-B2DA-47A3-B30C-E76EEE0F1CD6}.Release|Any CPU.ActiveCfg = Release|Any CPU
		{D4A57935-B2DA-47A3-B30C-E76EEE0F1CD6}.Release|Any CPU.Build.0 = Release|Any CPU
		{D4A57935-B2DA-47A3-B30C-E76EEE0F1CD6}.Release|Any CPU.Deploy.0 = Release|Any CPU
		{D4A57935-B2DA-47A3-B30C-E76EEE0F1CD6}.Release|iPhone.ActiveCfg = Release|Any CPU
		{D4A57935-B2DA-47A3-B30C-E76EEE0F1CD6}.Release|iPhone.Build.0 = Release|Any CPU
		{D4A57935-B2DA-47A3-B30C-E76EEE0F1CD6}.Release|iPhone.Deploy.0 = Release|Any CPU
		{D4A57935-B2DA-47A3-B30C-E76EEE0F1CD6}.Release|iPhoneSimulator.ActiveCfg = Release|Any CPU
		{D4A57935-B2DA-47A3-B30C-E76EEE0F1CD6}.Release|iPhoneSimulator.Build.0 = Release|Any CPU
		{D4A57935-B2DA-47A3-B30C-E76EEE0F1CD6}.Release|iPhoneSimulator.Deploy.0 = Release|Any CPU
		{FB2577DF-2306-4373-9262-4F4E396E3B12}.Ad-Hoc|Any CPU.ActiveCfg = Release|iPhone
		{FB2577DF-2306-4373-9262-4F4E396E3B12}.Ad-Hoc|Any CPU.Build.0 = Release|iPhone
		{FB2577DF-2306-4373-9262-4F4E396E3B12}.Ad-Hoc|iPhone.ActiveCfg = Release|iPhone
		{FB2577DF-2306-4373-9262-4F4E396E3B12}.Ad-Hoc|iPhone.Build.0 = Release|iPhone
		{FB2577DF-2306-4373-9262-4F4E396E3B12}.Ad-Hoc|iPhoneSimulator.ActiveCfg = Release|iPhoneSimulator
		{FB2577DF-2306-4373-9262-4F4E396E3B12}.Ad-Hoc|iPhoneSimulator.Build.0 = Release|iPhoneSimulator
		{FB2577DF-2306-4373-9262-4F4E396E3B12}.AppStore|Any CPU.ActiveCfg = Release|iPhone
		{FB2577DF-2306-4373-9262-4F4E396E3B12}.AppStore|Any CPU.Build.0 = Release|iPhone
		{FB2577DF-2306-4373-9262-4F4E396E3B12}.AppStore|iPhone.ActiveCfg = Release|iPhone
		{FB2577DF-2306-4373-9262-4F4E396E3B12}.AppStore|iPhone.Build.0 = Release|iPhone
		{FB2577DF-2306-4373-9262-4F4E396E3B12}.AppStore|iPhoneSimulator.ActiveCfg = Release|iPhoneSimulator
		{FB2577DF-2306-4373-9262-4F4E396E3B12}.AppStore|iPhoneSimulator.Build.0 = Release|iPhoneSimulator
		{FB2577DF-2306-4373-9262-4F4E396E3B12}.Debug|Any CPU.ActiveCfg = Debug|iPhone
		{FB2577DF-2306-4373-9262-4F4E396E3B12}.Debug|iPhone.ActiveCfg = Debug|iPhone
		{FB2577DF-2306-4373-9262-4F4E396E3B12}.Debug|iPhone.Build.0 = Debug|iPhone
		{FB2577DF-2306-4373-9262-4F4E396E3B12}.Debug|iPhoneSimulator.ActiveCfg = Debug|iPhoneSimulator
		{FB2577DF-2306-4373-9262-4F4E396E3B12}.Debug|iPhoneSimulator.Build.0 = Debug|iPhoneSimulator
		{FB2577DF-2306-4373-9262-4F4E396E3B12}.Release|Any CPU.ActiveCfg = Release|iPhone
		{FB2577DF-2306-4373-9262-4F4E396E3B12}.Release|iPhone.ActiveCfg = Release|iPhone
		{FB2577DF-2306-4373-9262-4F4E396E3B12}.Release|iPhone.Build.0 = Release|iPhone
		{FB2577DF-2306-4373-9262-4F4E396E3B12}.Release|iPhoneSimulator.ActiveCfg = Release|iPhoneSimulator
		{FB2577DF-2306-4373-9262-4F4E396E3B12}.Release|iPhoneSimulator.Build.0 = Release|iPhoneSimulator
	EndGlobalSection
	GlobalSection(SolutionProperties) = preSolution
		HideSolutionNode = FALSE
	EndGlobalSection
	GlobalSection(ExtensibilityGlobals) = postSolution
		SolutionGuid = {FD683B14-266F-4C66-97A3-18538201F3C4}
	EndGlobalSection
EndGlobal
