Microsoft Visual Studio Solution File, Format Version 12.00
# Visual Studio Version 16
VisualStudioVersion = 16.0.29920.165
MinimumVisualStudioVersion = 10.0.40219.1
Project("{9A19103F-16F7-4668-BE54-9A1E7A4F7556}") = "FinancialChartExample", "FinancialChart\FinancialChartExample\FinancialChartExample.csproj", "{C3280FB6-42BD-4D84-84DB-EB5996AC5B72}"
EndProject
Project("{FAE04EC0-301F-11D3-BF4B-00C04F79EFBC}") = "FinancialChartExample.Android", "FinancialChart\FinancialChartExample.Android\FinancialChartExample.Android.csproj", "{9F808F3D-B38D-48FA-9112-23CF71081D55}"
EndProject
Project("{FAE04EC0-301F-11D3-BF4B-00C04F79EFBC}") = "FinancialChartExample.iOS", "FinancialChart\FinancialChartExample.iOS\FinancialChartExample.iOS.csproj", "{ECE3CBC3-004C-4735-B56D-2446E05417EE}"
EndProject
Project("{9A19103F-16F7-4668-BE54-9A1E7A4F7556}") = "PieChartExample", "DonutSeries-CenterLabel\PieChartExample\PieChartExample.csproj", "{40FE5C1C-A910-45D0-A5DA-2E3F654B0139}"
EndProject
Project("{FAE04EC0-301F-11D3-BF4B-00C04F79EFBC}") = "PieChartExample.Android", "DonutSeries-CenterLabel\PieChartExample.Android\PieChartExample.Android.csproj", "{138DB67B-31DF-4684-BE5D-2889B504F09A}"
EndProject
Project("{FAE04EC0-301F-11D3-BF4B-00C04F79EFBC}") = "PieChartExample.iOS", "DonutSeries-CenterLabel\PieChartExample.iOS\PieChartExample.iOS.csproj", "{BDB5B967-2DE2-4D40-AB8F-CEC5EAD0E65C}"
EndProject
Global
	GlobalSection(SolutionConfigurationPlatforms) = preSolution
		Ad-Hoc|Any CPU = Ad-Hoc|Any CPU
		Ad-Hoc|iPhone = Ad-Hoc|iPhone
		Ad-Hoc|iPhoneSimulator = Ad-Hoc|iPhoneSimulator
		AppStore|Any CPU = AppStore|Any CPU
		AppStore|iPhone = AppStore|iPhone
		AppStore|iPhoneSimulator = AppStore|iPhoneSimulator
		Debug|Any CPU = Debug|Any CPU
		Debug|iPhone = Debug|iPhone
		Debug|iPhoneSimulator = Debug|iPhoneSimulator
		Release|Any CPU = Release|Any CPU
		Release|iPhone = Release|iPhone
		Release|iPhoneSimulator = Release|iPhoneSimulator
	EndGlobalSection
	GlobalSection(ProjectConfigurationPlatforms) = postSolution
		{C3280FB6-42BD-4D84-84DB-EB5996AC5B72}.Ad-Hoc|Any CPU.ActiveCfg = Debug|Any CPU
		{C3280FB6-42BD-4D84-84DB-EB5996AC5B72}.Ad-Hoc|Any CPU.Build.0 = Debug|Any CPU
		{C3280FB6-42BD-4D84-84DB-EB5996AC5B72}.Ad-Hoc|iPhone.ActiveCfg = Debug|Any CPU
		{C3280FB6-42BD-4D84-84DB-EB5996AC5B72}.Ad-Hoc|iPhone.Build.0 = Debug|Any CPU
		{C3280FB6-42BD-4D84-84DB-EB5996AC5B72}.Ad-Hoc|iPhoneSimulator.ActiveCfg = Debug|Any CPU
		{C3280FB6-42BD-4D84-84DB-EB5996AC5B72}.Ad-Hoc|iPhoneSimulator.Build.0 = Debug|Any CPU
		{C3280FB6-42BD-4D84-84DB-EB5996AC5B72}.AppStore|Any CPU.ActiveCfg = Debug|Any CPU
		{C3280FB6-42BD-4D84-84DB-EB5996AC5B72}.AppStore|Any CPU.Build.0 = Debug|Any CPU
		{C3280FB6-42BD-4D84-84DB-EB5996AC5B72}.AppStore|iPhone.ActiveCfg = Debug|Any CPU
		{C3280FB6-42BD-4D84-84DB-EB5996AC5B72}.AppStore|iPhone.Build.0 = Debug|Any CPU
		{C3280FB6-42BD-4D84-84DB-EB5996AC5B72}.AppStore|iPhoneSimulator.ActiveCfg = Debug|Any CPU
		{C3280FB6-42BD-4D84-84DB-EB5996AC5B72}.AppStore|iPhoneSimulator.Build.0 = Debug|Any CPU
		{C3280FB6-42BD-4D84-84DB-EB5996AC5B72}.Debug|Any CPU.ActiveCfg = Debug|Any CPU
		{C3280FB6-42BD-4D84-84DB-EB5996AC5B72}.Debug|Any CPU.Build.0 = Debug|Any CPU
		{C3280FB6-42BD-4D84-84DB-EB5996AC5B72}.Debug|iPhone.ActiveCfg = Debug|Any CPU
		{C3280FB6-42BD-4D84-84DB-EB5996AC5B72}.Debug|iPhone.Build.0 = Debug|Any CPU
		{C3280FB6-42BD-4D84-84DB-EB5996AC5B72}.Debug|iPhoneSimulator.ActiveCfg = Debug|Any CPU
		{C3280FB6-42BD-4D84-84DB-EB5996AC5B72}.Debug|iPhoneSimulator.Build.0 = Debug|Any CPU
		{C3280FB6-42BD-4D84-84DB-EB5996AC5B72}.Release|Any CPU.ActiveCfg = Release|Any CPU
		{C3280FB6-42BD-4D84-84DB-EB5996AC5B72}.Release|Any CPU.Build.0 = Release|Any CPU
		{C3280FB6-42BD-4D84-84DB-EB5996AC5B72}.Release|iPhone.ActiveCfg = Release|Any CPU
		{C3280FB6-42BD-4D84-84DB-EB5996AC5B72}.Release|iPhone.Build.0 = Release|Any CPU
		{C3280FB6-42BD-4D84-84DB-EB5996AC5B72}.Release|iPhoneSimulator.ActiveCfg = Release|Any CPU
		{C3280FB6-42BD-4D84-84DB-EB5996AC5B72}.Release|iPhoneSimulator.Build.0 = Release|Any CPU
		{9F808F3D-B38D-48FA-9112-23CF71081D55}.Ad-Hoc|Any CPU.ActiveCfg = Release|Any CPU
		{9F808F3D-B38D-48FA-9112-23CF71081D55}.Ad-Hoc|Any CPU.Build.0 = Release|Any CPU
		{9F808F3D-B38D-48FA-9112-23CF71081D55}.Ad-Hoc|Any CPU.Deploy.0 = Release|Any CPU
		{9F808F3D-B38D-48FA-9112-23CF71081D55}.Ad-Hoc|iPhone.ActiveCfg = Release|Any CPU
		{9F808F3D-B38D-48FA-9112-23CF71081D55}.Ad-Hoc|iPhone.Build.0 = Release|Any CPU
		{9F808F3D-B38D-48FA-9112-23CF71081D55}.Ad-Hoc|iPhone.Deploy.0 = Release|Any CPU
		{9F808F3D-B38D-48FA-9112-23CF71081D55}.Ad-Hoc|iPhoneSimulator.ActiveCfg = Release|Any CPU
		{9F808F3D-B38D-48FA-9112-23CF71081D55}.Ad-Hoc|iPhoneSimulator.Build.0 = Release|Any CPU
		{9F808F3D-B38D-48FA-9112-23CF71081D55}.Ad-Hoc|iPhoneSimulator.Deploy.0 = Release|Any CPU
		{9F808F3D-B38D-48FA-9112-23CF71081D55}.AppStore|Any CPU.ActiveCfg = Release|Any CPU
		{9F808F3D-B38D-48FA-9112-23CF71081D55}.AppStore|Any CPU.Build.0 = Release|Any CPU
		{9F808F3D-B38D-48FA-9112-23CF71081D55}.AppStore|Any CPU.Deploy.0 = Release|Any CPU
		{9F808F3D-B38D-48FA-9112-23CF71081D55}.AppStore|iPhone.ActiveCfg = Release|Any CPU
		{9F808F3D-B38D-48FA-9112-23CF71081D55}.AppStore|iPhone.Build.0 = Release|Any CPU
		{9F808F3D-B38D-48FA-9112-23CF71081D55}.AppStore|iPhone.Deploy.0 = Release|Any CPU
		{9F808F3D-B38D-48FA-9112-23CF71081D55}.AppStore|iPhoneSimulator.ActiveCfg = Release|Any CPU
		{9F808F3D-B38D-48FA-9112-23CF71081D55}.AppStore|iPhoneSimulator.Build.0 = Release|Any CPU
		{9F808F3D-B38D-48FA-9112-23CF71081D55}.AppStore|iPhoneSimulator.Deploy.0 = Release|Any CPU
		{9F808F3D-B38D-48FA-9112-23CF71081D55}.Debug|Any CPU.ActiveCfg = Debug|Any CPU
		{9F808F3D-B38D-48FA-9112-23CF71081D55}.Debug|Any CPU.Build.0 = Debug|Any CPU
		{9F808F3D-B38D-48FA-9112-23CF71081D55}.Debug|Any CPU.Deploy.0 = Debug|Any CPU
		{9F808F3D-B38D-48FA-9112-23CF71081D55}.Debug|iPhone.ActiveCfg = Debug|Any CPU
		{9F808F3D-B38D-48FA-9112-23CF71081D55}.Debug|iPhone.Build.0 = Debug|Any CPU
		{9F808F3D-B38D-48FA-9112-23CF71081D55}.Debug|iPhone.Deploy.0 = Debug|Any CPU
		{9F808F3D-B38D-48FA-9112-23CF71081D55}.Debug|iPhoneSimulator.ActiveCfg = Debug|Any CPU
		{9F808F3D-B38D-48FA-9112-23CF71081D55}.Debug|iPhoneSimulator.Build.0 = Debug|Any CPU
		{9F808F3D-B38D-48FA-9112-23CF71081D55}.Debug|iPhoneSimulator.Deploy.0 = Debug|Any CPU
		{9F808F3D-B38D-48FA-9112-23CF71081D55}.Release|Any CPU.ActiveCfg = Release|Any CPU
		{9F808F3D-B38D-48FA-9112-23CF71081D55}.Release|Any CPU.Build.0 = Release|Any CPU
		{9F808F3D-B38D-48FA-9112-23CF71081D55}.Release|Any CPU.Deploy.0 = Release|Any CPU
		{9F808F3D-B38D-48FA-9112-23CF71081D55}.Release|iPhone.ActiveCfg = Release|Any CPU
		{9F808F3D-B38D-48FA-9112-23CF71081D55}.Release|iPhone.Build.0 = Release|Any CPU
		{9F808F3D-B38D-48FA-9112-23CF71081D55}.Release|iPhone.Deploy.0 = Release|Any CPU
		{9F808F3D-B38D-48FA-9112-23CF71081D55}.Release|iPhoneSimulator.ActiveCfg = Release|Any CPU
		{9F808F3D-B38D-48FA-9112-23CF71081D55}.Release|iPhoneSimulator.Build.0 = Release|Any CPU
		{9F808F3D-B38D-48FA-9112-23CF71081D55}.Release|iPhoneSimulator.Deploy.0 = Release|Any CPU
		{ECE3CBC3-004C-4735-B56D-2446E05417EE}.Ad-Hoc|Any CPU.ActiveCfg = Ad-Hoc|iPhone
		{ECE3CBC3-004C-4735-B56D-2446E05417EE}.Ad-Hoc|iPhone.ActiveCfg = Ad-Hoc|iPhone
		{ECE3CBC3-004C-4735-B56D-2446E05417EE}.Ad-Hoc|iPhone.Build.0 = Ad-Hoc|iPhone
		{ECE3CBC3-004C-4735-B56D-2446E05417EE}.Ad-Hoc|iPhoneSimulator.ActiveCfg = Ad-Hoc|iPhoneSimulator
		{ECE3CBC3-004C-4735-B56D-2446E05417EE}.Ad-Hoc|iPhoneSimulator.Build.0 = Ad-Hoc|iPhoneSimulator
		{ECE3CBC3-004C-4735-B56D-2446E05417EE}.AppStore|Any CPU.ActiveCfg = AppStore|iPhone
		{ECE3CBC3-004C-4735-B56D-2446E05417EE}.AppStore|iPhone.ActiveCfg = AppStore|iPhone
		{ECE3CBC3-004C-4735-B56D-2446E05417EE}.AppStore|iPhone.Build.0 = AppStore|iPhone
		{ECE3CBC3-004C-4735-B56D-2446E05417EE}.AppStore|iPhoneSimulator.ActiveCfg = AppStore|iPhoneSimulator
		{ECE3CBC3-004C-4735-B56D-2446E05417EE}.AppStore|iPhoneSimulator.Build.0 = AppStore|iPhoneSimulator
		{ECE3CBC3-004C-4735-B56D-2446E05417EE}.Debug|Any CPU.ActiveCfg = Debug|iPhone
		{ECE3CBC3-004C-4735-B56D-2446E05417EE}.Debug|iPhone.ActiveCfg = Debug|iPhone
		{ECE3CBC3-004C-4735-B56D-2446E05417EE}.Debug|iPhone.Build.0 = Debug|iPhone
		{ECE3CBC3-004C-4735-B56D-2446E05417EE}.Debug|iPhoneSimulator.ActiveCfg = Debug|iPhoneSimulator
		{ECE3CBC3-004C-4735-B56D-2446E05417EE}.Debug|iPhoneSimulator.Build.0 = Debug|iPhoneSimulator
		{ECE3CBC3-004C-4735-B56D-2446E05417EE}.Release|Any CPU.ActiveCfg = Release|iPhone
		{ECE3CBC3-004C-4735-B56D-2446E05417EE}.Release|iPhone.ActiveCfg = Release|iPhone
		{ECE3CBC3-004C-4735-B56D-2446E05417EE}.Release|iPhone.Build.0 = Release|iPhone
		{ECE3CBC3-004C-4735-B56D-2446E05417EE}.Release|iPhoneSimulator.ActiveCfg = Release|iPhoneSimulator
		{ECE3CBC3-004C-4735-B56D-2446E05417EE}.Release|iPhoneSimulator.Build.0 = Release|iPhoneSimulator
		{40FE5C1C-A910-45D0-A5DA-2E3F654B0139}.Ad-Hoc|Any CPU.ActiveCfg = Debug|Any CPU
		{40FE5C1C-A910-45D0-A5DA-2E3F654B0139}.Ad-Hoc|Any CPU.Build.0 = Debug|Any CPU
		{40FE5C1C-A910-45D0-A5DA-2E3F654B0139}.Ad-Hoc|iPhone.ActiveCfg = Debug|Any CPU
		{40FE5C1C-A910-45D0-A5DA-2E3F654B0139}.Ad-Hoc|iPhone.Build.0 = Debug|Any CPU
		{40FE5C1C-A910-45D0-A5DA-2E3F654B0139}.Ad-Hoc|iPhoneSimulator.ActiveCfg = Debug|Any CPU
		{40FE5C1C-A910-45D0-A5DA-2E3F654B0139}.Ad-Hoc|iPhoneSimulator.Build.0 = Debug|Any CPU
		{40FE5C1C-A910-45D0-A5DA-2E3F654B0139}.AppStore|Any CPU.ActiveCfg = Debug|Any CPU
		{40FE5C1C-A910-45D0-A5DA-2E3F654B0139}.AppStore|Any CPU.Build.0 = Debug|Any CPU
		{40FE5C1C-A910-45D0-A5DA-2E3F654B0139}.AppStore|iPhone.ActiveCfg = Debug|Any CPU
		{40FE5C1C-A910-45D0-A5DA-2E3F654B0139}.AppStore|iPhone.Build.0 = Debug|Any CPU
		{40FE5C1C-A910-45D0-A5DA-2E3F654B0139}.AppStore|iPhoneSimulator.ActiveCfg = Debug|Any CPU
		{40FE5C1C-A910-45D0-A5DA-2E3F654B0139}.AppStore|iPhoneSimulator.Build.0 = Debug|Any CPU
		{40FE5C1C-A910-45D0-A5DA-2E3F654B0139}.Debug|Any CPU.ActiveCfg = Debug|Any CPU
		{40FE5C1C-A910-45D0-A5DA-2E3F654B0139}.Debug|Any CPU.Build.0 = Debug|Any CPU
		{40FE5C1C-A910-45D0-A5DA-2E3F654B0139}.Debug|iPhone.ActiveCfg = Debug|Any CPU
		{40FE5C1C-A910-45D0-A5DA-2E3F654B0139}.Debug|iPhone.Build.0 = Debug|Any CPU
		{40FE5C1C-A910-45D0-A5DA-2E3F654B0139}.Debug|iPhoneSimulator.ActiveCfg = Debug|Any CPU
		{40FE5C1C-A910-45D0-A5DA-2E3F654B0139}.Debug|iPhoneSimulator.Build.0 = Debug|Any CPU
		{40FE5C1C-A910-45D0-A5DA-2E3F654B0139}.Release|Any CPU.ActiveCfg = Release|Any CPU
		{40FE5C1C-A910-45D0-A5DA-2E3F654B0139}.Release|Any CPU.Build.0 = Release|Any CPU
		{40FE5C1C-A910-45D0-A5DA-2E3F654B0139}.Release|iPhone.ActiveCfg = Release|Any CPU
		{40FE5C1C-A910-45D0-A5DA-2E3F654B0139}.Release|iPhone.Build.0 = Release|Any CPU
		{40FE5C1C-A910-45D0-A5DA-2E3F654B0139}.Release|iPhoneSimulator.ActiveCfg = Release|Any CPU
		{40FE5C1C-A910-45D0-A5DA-2E3F654B0139}.Release|iPhoneSimulator.Build.0 = Release|Any CPU
		{138DB67B-31DF-4684-BE5D-2889B504F09A}.Ad-Hoc|Any CPU.ActiveCfg = Release|Any CPU
		{138DB67B-31DF-4684-BE5D-2889B504F09A}.Ad-Hoc|Any CPU.Build.0 = Release|Any CPU
		{138DB67B-31DF-4684-BE5D-2889B504F09A}.Ad-Hoc|Any CPU.Deploy.0 = Release|Any CPU
		{138DB67B-31DF-4684-BE5D-2889B504F09A}.Ad-Hoc|iPhone.ActiveCfg = Release|Any CPU
		{138DB67B-31DF-4684-BE5D-2889B504F09A}.Ad-Hoc|iPhone.Build.0 = Release|Any CPU
		{138DB67B-31DF-4684-BE5D-2889B504F09A}.Ad-Hoc|iPhone.Deploy.0 = Release|Any CPU
		{138DB67B-31DF-4684-BE5D-2889B504F09A}.Ad-Hoc|iPhoneSimulator.ActiveCfg = Release|Any CPU
		{138DB67B-31DF-4684-BE5D-2889B504F09A}.Ad-Hoc|iPhoneSimulator.Build.0 = Release|Any CPU
		{138DB67B-31DF-4684-BE5D-2889B504F09A}.Ad-Hoc|iPhoneSimulator.Deploy.0 = Release|Any CPU
		{138DB67B-31DF-4684-BE5D-2889B504F09A}.AppStore|Any CPU.ActiveCfg = Release|Any CPU
		{138DB67B-31DF-4684-BE5D-2889B504F09A}.AppStore|Any CPU.Build.0 = Release|Any CPU
		{138DB67B-31DF-4684-BE5D-2889B504F09A}.AppStore|Any CPU.Deploy.0 = Release|Any CPU
		{138DB67B-31DF-4684-BE5D-2889B504F09A}.AppStore|iPhone.ActiveCfg = Release|Any CPU
		{138DB67B-31DF-4684-BE5D-2889B504F09A}.AppStore|iPhone.Build.0 = Release|Any CPU
		{138DB67B-31DF-4684-BE5D-2889B504F09A}.AppStore|iPhone.Deploy.0 = Release|Any CPU
		{138DB67B-31DF-4684-BE5D-2889B504F09A}.AppStore|iPhoneSimulator.ActiveCfg = Release|Any CPU
		{138DB67B-31DF-4684-BE5D-2889B504F09A}.AppStore|iPhoneSimulator.Build.0 = Release|Any CPU
		{138DB67B-31DF-4684-BE5D-2889B504F09A}.AppStore|iPhoneSimulator.Deploy.0 = Release|Any CPU
		{138DB67B-31DF-4684-BE5D-2889B504F09A}.Debug|Any CPU.ActiveCfg = Debug|Any CPU
		{138DB67B-31DF-4684-BE5D-2889B504F09A}.Debug|Any CPU.Build.0 = Debug|Any CPU
		{138DB67B-31DF-4684-BE5D-2889B504F09A}.Debug|Any CPU.Deploy.0 = Debug|Any CPU
		{138DB67B-31DF-4684-BE5D-2889B504F09A}.Debug|iPhone.ActiveCfg = Debug|Any CPU
		{138DB67B-31DF-4684-BE5D-2889B504F09A}.Debug|iPhone.Build.0 = Debug|Any CPU
		{138DB67B-31DF-4684-BE5D-2889B504F09A}.Debug|iPhone.Deploy.0 = Debug|Any CPU
		{138DB67B-31DF-4684-BE5D-2889B504F09A}.Debug|iPhoneSimulator.ActiveCfg = Debug|Any CPU
		{138DB67B-31DF-4684-BE5D-2889B504F09A}.Debug|iPhoneSimulator.Build.0 = Debug|Any CPU
		{138DB67B-31DF-4684-BE5D-2889B504F09A}.Debug|iPhoneSimulator.Deploy.0 = Debug|Any CPU
		{138DB67B-31DF-4684-BE5D-2889B504F09A}.Release|Any CPU.ActiveCfg = Release|Any CPU
		{138DB67B-31DF-4684-BE5D-2889B504F09A}.Release|Any CPU.Build.0 = Release|Any CPU
		{138DB67B-31DF-4684-BE5D-2889B504F09A}.Release|Any CPU.Deploy.0 = Release|Any CPU
		{138DB67B-31DF-4684-BE5D-2889B504F09A}.Release|iPhone.ActiveCfg = Release|Any CPU
		{138DB67B-31DF-4684-BE5D-2889B504F09A}.Release|iPhone.Build.0 = Release|Any CPU
		{138DB67B-31DF-4684-BE5D-2889B504F09A}.Release|iPhone.Deploy.0 = Release|Any CPU
		{138DB67B-31DF-4684-BE5D-2889B504F09A}.Release|iPhoneSimulator.ActiveCfg = Release|Any CPU
		{138DB67B-31DF-4684-BE5D-2889B504F09A}.Release|iPhoneSimulator.Build.0 = Release|Any CPU
		{138DB67B-31DF-4684-BE5D-2889B504F09A}.Release|iPhoneSimulator.Deploy.0 = Release|Any CPU
		{BDB5B967-2DE2-4D40-AB8F-CEC5EAD0E65C}.Ad-Hoc|Any CPU.ActiveCfg = Ad-Hoc|iPhone
		{BDB5B967-2DE2-4D40-AB8F-CEC5EAD0E65C}.Ad-Hoc|iPhone.ActiveCfg = Ad-Hoc|iPhone
		{BDB5B967-2DE2-4D40-AB8F-CEC5EAD0E65C}.Ad-Hoc|iPhone.Build.0 = Ad-Hoc|iPhone
		{BDB5B967-2DE2-4D40-AB8F-CEC5EAD0E65C}.Ad-Hoc|iPhoneSimulator.ActiveCfg = Ad-Hoc|iPhoneSimulator
		{BDB5B967-2DE2-4D40-AB8F-CEC5EAD0E65C}.Ad-Hoc|iPhoneSimulator.Build.0 = Ad-Hoc|iPhoneSimulator
		{BDB5B967-2DE2-4D40-AB8F-CEC5EAD0E65C}.AppStore|Any CPU.ActiveCfg = AppStore|iPhone
		{BDB5B967-2DE2-4D40-AB8F-CEC5EAD0E65C}.AppStore|iPhone.ActiveCfg = AppStore|iPhone
		{BDB5B967-2DE2-4D40-AB8F-CEC5EAD0E65C}.AppStore|iPhone.Build.0 = AppStore|iPhone
		{BDB5B967-2DE2-4D40-AB8F-CEC5EAD0E65C}.AppStore|iPhoneSimulator.ActiveCfg = AppStore|iPhoneSimulator
		{BDB5B967-2DE2-4D40-AB8F-CEC5EAD0E65C}.AppStore|iPhoneSimulator.Build.0 = AppStore|iPhoneSimulator
		{BDB5B967-2DE2-4D40-AB8F-CEC5EAD0E65C}.Debug|Any CPU.ActiveCfg = Debug|iPhone
		{BDB5B967-2DE2-4D40-AB8F-CEC5EAD0E65C}.Debug|iPhone.ActiveCfg = Debug|iPhone
		{BDB5B967-2DE2-4D40-AB8F-CEC5EAD0E65C}.Debug|iPhone.Build.0 = Debug|iPhone
		{BDB5B967-2DE2-4D40-AB8F-CEC5EAD0E65C}.Debug|iPhoneSimulator.ActiveCfg = Debug|iPhoneSimulator
		{BDB5B967-2DE2-4D40-AB8F-CEC5EAD0E65C}.Debug|iPhoneSimulator.Build.0 = Debug|iPhoneSimulator
		{BDB5B967-2DE2-4D40-AB8F-CEC5EAD0E65C}.Release|Any CPU.ActiveCfg = Release|iPhone
		{BDB5B967-2DE2-4D40-AB8F-CEC5EAD0E65C}.Release|iPhone.ActiveCfg = Release|iPhone
		{BDB5B967-2DE2-4D40-AB8F-CEC5EAD0E65C}.Release|iPhone.Build.0 = Release|iPhone
		{BDB5B967-2DE2-4D40-AB8F-CEC5EAD0E65C}.Release|iPhoneSimulator.ActiveCfg = Release|iPhoneSimulator
		{BDB5B967-2DE2-4D40-AB8F-CEC5EAD0E65C}.Release|iPhoneSimulator.Build.0 = Release|iPhoneSimulator
	EndGlobalSection
	GlobalSection(SolutionProperties) = preSolution
		HideSolutionNode = FALSE
	EndGlobalSection
	GlobalSection(ExtensibilityGlobals) = postSolution
		SolutionGuid = {FD683B14-266F-4C66-97A3-18538201F3C4}
	EndGlobalSection
EndGlobal
