Microsoft Visual Studio Solution File, Format Version 12.00
# Visual Studio Version 16
VisualStudioVersion = 16.0.29920.165
MinimumVisualStudioVersion = 10.0.40219.1
Project("{FAE04EC0-301F-11D3-BF4B-00C04F79EFBC}") = "LineSegmentColorizerExample.Android", "LineSegmentColorizerExample.Android\LineSegmentColorizerExample.Android.csproj", "{39F3E122-F7E2-4FD5-B2E6-60909DC0A5CF}"
EndProject
Project("{FAE04EC0-301F-11D3-BF4B-00C04F79EFBC}") = "LineSegmentColorizerExample.iOS", "LineSegmentColorizerExample.iOS\LineSegmentColorizerExample.iOS.csproj", "{46D3DF10-70C3-4F3B-BB1B-637FFC26350D}"
EndProject
Project("{9A19103F-16F7-4668-BE54-9A1E7A4F7556}") = "LineSegmentColorizerExample", "LineSegmentColorizerExample\LineSegmentColorizerExample.csproj", "{CDBE474F-B2B3-47C4-B541-DA9FDD93AEBB}"
EndProject
Global
	GlobalSection(SolutionConfigurationPlatforms) = preSolution
		Debug|Any CPU = Debug|Any CPU
		Debug|iPhone = Debug|iPhone
		Debug|iPhoneSimulator = Debug|iPhoneSimulator
		Release|Any CPU = Release|Any CPU
		Release|iPhone = Release|iPhone
		Release|iPhoneSimulator = Release|iPhoneSimulator
	EndGlobalSection
	GlobalSection(ProjectConfigurationPlatforms) = postSolution
		{39F3E122-F7E2-4FD5-B2E6-60909DC0A5CF}.Debug|Any CPU.ActiveCfg = Debug|Any CPU
		{39F3E122-F7E2-4FD5-B2E6-60909DC0A5CF}.Debug|Any CPU.Build.0 = Debug|Any CPU
		{39F3E122-F7E2-4FD5-B2E6-60909DC0A5CF}.Debug|Any CPU.Deploy.0 = Debug|Any CPU
		{39F3E122-F7E2-4FD5-B2E6-60909DC0A5CF}.Debug|iPhone.ActiveCfg = Debug|Any CPU
		{39F3E122-F7E2-4FD5-B2E6-60909DC0A5CF}.Debug|iPhone.Build.0 = Debug|Any CPU
		{39F3E122-F7E2-4FD5-B2E6-60909DC0A5CF}.Debug|iPhoneSimulator.ActiveCfg = Debug|Any CPU
		{39F3E122-F7E2-4FD5-B2E6-60909DC0A5CF}.Debug|iPhoneSimulator.Build.0 = Debug|Any CPU
		{39F3E122-F7E2-4FD5-B2E6-60909DC0A5CF}.Release|Any CPU.ActiveCfg = Release|Any CPU
		{39F3E122-F7E2-4FD5-B2E6-60909DC0A5CF}.Release|Any CPU.Build.0 = Release|Any CPU
		{39F3E122-F7E2-4FD5-B2E6-60909DC0A5CF}.Release|iPhone.ActiveCfg = Release|Any CPU
		{39F3E122-F7E2-4FD5-B2E6-60909DC0A5CF}.Release|iPhone.Build.0 = Release|Any CPU
		{39F3E122-F7E2-4FD5-B2E6-60909DC0A5CF}.Release|iPhoneSimulator.ActiveCfg = Release|Any CPU
		{39F3E122-F7E2-4FD5-B2E6-60909DC0A5CF}.Release|iPhoneSimulator.Build.0 = Release|Any CPU
		{46D3DF10-70C3-4F3B-BB1B-637FFC26350D}.Debug|Any CPU.ActiveCfg = Debug|iPhoneSimulator
		{46D3DF10-70C3-4F3B-BB1B-637FFC26350D}.Debug|Any CPU.Build.0 = Debug|iPhoneSimulator
		{46D3DF10-70C3-4F3B-BB1B-637FFC26350D}.Debug|iPhone.ActiveCfg = Debug|iPhone
		{46D3DF10-70C3-4F3B-BB1B-637FFC26350D}.Debug|iPhone.Build.0 = Debug|iPhone
		{46D3DF10-70C3-4F3B-BB1B-637FFC26350D}.Debug|iPhoneSimulator.ActiveCfg = Debug|iPhoneSimulator
		{46D3DF10-70C3-4F3B-BB1B-637FFC26350D}.Debug|iPhoneSimulator.Build.0 = Debug|iPhoneSimulator
		{46D3DF10-70C3-4F3B-BB1B-637FFC26350D}.Release|Any CPU.ActiveCfg = Release|iPhoneSimulator
		{46D3DF10-70C3-4F3B-BB1B-637FFC26350D}.Release|Any CPU.Build.0 = Release|iPhoneSimulator
		{46D3DF10-70C3-4F3B-BB1B-637FFC26350D}.Release|iPhone.ActiveCfg = Release|iPhone
		{46D3DF10-70C3-4F3B-BB1B-637FFC26350D}.Release|iPhone.Build.0 = Release|iPhone
		{46D3DF10-70C3-4F3B-BB1B-637FFC26350D}.Release|iPhoneSimulator.ActiveCfg = Release|iPhoneSimulator
		{46D3DF10-70C3-4F3B-BB1B-637FFC26350D}.Release|iPhoneSimulator.Build.0 = Release|iPhoneSimulator
		{CDBE474F-B2B3-47C4-B541-DA9FDD93AEBB}.Debug|Any CPU.ActiveCfg = Debug|Any CPU
		{CDBE474F-B2B3-47C4-B541-DA9FDD93AEBB}.Debug|Any CPU.Build.0 = Debug|Any CPU
		{CDBE474F-B2B3-47C4-B541-DA9FDD93AEBB}.Debug|iPhone.ActiveCfg = Debug|Any CPU
		{CDBE474F-B2B3-47C4-B541-DA9FDD93AEBB}.Debug|iPhone.Build.0 = Debug|Any CPU
		{CDBE474F-B2B3-47C4-B541-DA9FDD93AEBB}.Debug|iPhoneSimulator.ActiveCfg = Debug|Any CPU
		{CDBE474F-B2B3-47C4-B541-DA9FDD93AEBB}.Debug|iPhoneSimulator.Build.0 = Debug|Any CPU
		{CDBE474F-B2B3-47C4-B541-DA9FDD93AEBB}.Release|Any CPU.ActiveCfg = Release|Any CPU
		{CDBE474F-B2B3-47C4-B541-DA9FDD93AEBB}.Release|Any CPU.Build.0 = Release|Any CPU
		{CDBE474F-B2B3-47C4-B541-DA9FDD93AEBB}.Release|iPhone.ActiveCfg = Release|Any CPU
		{CDBE474F-B2B3-47C4-B541-DA9FDD93AEBB}.Release|iPhone.Build.0 = Release|Any CPU
		{CDBE474F-B2B3-47C4-B541-DA9FDD93AEBB}.Release|iPhoneSimulator.ActiveCfg = Release|Any CPU
		{CDBE474F-B2B3-47C4-B541-DA9FDD93AEBB}.Release|iPhoneSimulator.Build.0 = Release|Any CPU
	EndGlobalSection
	GlobalSection(SolutionProperties) = preSolution
		HideSolutionNode = FALSE
	EndGlobalSection
	GlobalSection(ExtensibilityGlobals) = postSolution
		SolutionGuid = {0DD1B707-FBCB-4316-983C-75B60F0BFE98}
	EndGlobalSection
EndGlobal
