
Microsoft Visual Studio Solution File, Format Version 12.00
# Visual Studio Version 16
VisualStudioVersion = 16.0.30804.86
MinimumVisualStudioVersion = 10.0.40219.1
Project("{9A19103F-16F7-4668-BE54-9A1E7A4F7556}") = "SeriesLabelTextProviderExample", "SeriesLabelTextProviderExample\SeriesLabelTextProviderExample.csproj", "{BDDEB10B-D192-4B95-BE54-ED16402C2475}"
EndProject
Project("{FAE04EC0-301F-11D3-BF4B-00C04F79EFBC}") = "SeriesLabelTextProviderExample.Android", "SeriesLabelTextProviderExample.Android\SeriesLabelTextProviderExample.Android.csproj", "{3E5B3502-06F1-4BCC-8872-C1EF6DD80D5E}"
EndProject
Project("{FAE04EC0-301F-11D3-BF4B-00C04F79EFBC}") = "SeriesLabelTextProviderExample.iOS", "SeriesLabelTextProviderExample.iOS\SeriesLabelTextProviderExample.iOS.csproj", "{469667BC-CD59-4B19-B19D-895168BF36C4}"
EndProject
Global
	GlobalSection(SolutionConfigurationPlatforms) = preSolution
		Debug|Any CPU = Debug|Any CPU
		Debug|iPhone = Debug|iPhone
		Debug|iPhoneSimulator = Debug|iPhoneSimulator
		Release|Any CPU = Release|Any CPU
		Release|iPhone = Release|iPhone
		Release|iPhoneSimulator = Release|iPhoneSimulator
	EndGlobalSection
	GlobalSection(ProjectConfigurationPlatforms) = postSolution
		{BDDEB10B-D192-4B95-BE54-ED16402C2475}.Debug|Any CPU.ActiveCfg = Debug|Any CPU
		{BDDEB10B-D192-4B95-BE54-ED16402C2475}.Debug|Any CPU.Build.0 = Debug|Any CPU
		{BDDEB10B-D192-4B95-BE54-ED16402C2475}.Debug|iPhone.ActiveCfg = Debug|Any CPU
		{BDDEB10B-D192-4B95-BE54-ED16402C2475}.Debug|iPhone.Build.0 = Debug|Any CPU
		{BDDEB10B-D192-4B95-BE54-ED16402C2475}.Debug|iPhoneSimulator.ActiveCfg = Debug|Any CPU
		{BDDEB10B-D192-4B95-BE54-ED16402C2475}.Debug|iPhoneSimulator.Build.0 = Debug|Any CPU
		{BDDEB10B-D192-4B95-BE54-ED16402C2475}.Release|Any CPU.ActiveCfg = Release|Any CPU
		{BDDEB10B-D192-4B95-BE54-ED16402C2475}.Release|Any CPU.Build.0 = Release|Any CPU
		{BDDEB10B-D192-4B95-BE54-ED16402C2475}.Release|iPhone.ActiveCfg = Release|Any CPU
		{BDDEB10B-D192-4B95-BE54-ED16402C2475}.Release|iPhone.Build.0 = Release|Any CPU
		{BDDEB10B-D192-4B95-BE54-ED16402C2475}.Release|iPhoneSimulator.ActiveCfg = Release|Any CPU
		{BDDEB10B-D192-4B95-BE54-ED16402C2475}.Release|iPhoneSimulator.Build.0 = Release|Any CPU
		{3E5B3502-06F1-4BCC-8872-C1EF6DD80D5E}.Debug|Any CPU.ActiveCfg = Debug|Any CPU
		{3E5B3502-06F1-4BCC-8872-C1EF6DD80D5E}.Debug|Any CPU.Build.0 = Debug|Any CPU
		{3E5B3502-06F1-4BCC-8872-C1EF6DD80D5E}.Debug|Any CPU.Deploy.0 = Debug|Any CPU
		{3E5B3502-06F1-4BCC-8872-C1EF6DD80D5E}.Debug|iPhone.ActiveCfg = Debug|Any CPU
		{3E5B3502-06F1-4BCC-8872-C1EF6DD80D5E}.Debug|iPhone.Build.0 = Debug|Any CPU
		{3E5B3502-06F1-4BCC-8872-C1EF6DD80D5E}.Debug|iPhone.Deploy.0 = Debug|Any CPU
		{3E5B3502-06F1-4BCC-8872-C1EF6DD80D5E}.Debug|iPhoneSimulator.ActiveCfg = Debug|Any CPU
		{3E5B3502-06F1-4BCC-8872-C1EF6DD80D5E}.Debug|iPhoneSimulator.Build.0 = Debug|Any CPU
		{3E5B3502-06F1-4BCC-8872-C1EF6DD80D5E}.Debug|iPhoneSimulator.Deploy.0 = Debug|Any CPU
		{3E5B3502-06F1-4BCC-8872-C1EF6DD80D5E}.Release|Any CPU.ActiveCfg = Release|Any CPU
		{3E5B3502-06F1-4BCC-8872-C1EF6DD80D5E}.Release|Any CPU.Build.0 = Release|Any CPU
		{3E5B3502-06F1-4BCC-8872-C1EF6DD80D5E}.Release|Any CPU.Deploy.0 = Release|Any CPU
		{3E5B3502-06F1-4BCC-8872-C1EF6DD80D5E}.Release|iPhone.ActiveCfg = Release|Any CPU
		{3E5B3502-06F1-4BCC-8872-C1EF6DD80D5E}.Release|iPhone.Build.0 = Release|Any CPU
		{3E5B3502-06F1-4BCC-8872-C1EF6DD80D5E}.Release|iPhone.Deploy.0 = Release|Any CPU
		{3E5B3502-06F1-4BCC-8872-C1EF6DD80D5E}.Release|iPhoneSimulator.ActiveCfg = Release|Any CPU
		{3E5B3502-06F1-4BCC-8872-C1EF6DD80D5E}.Release|iPhoneSimulator.Build.0 = Release|Any CPU
		{3E5B3502-06F1-4BCC-8872-C1EF6DD80D5E}.Release|iPhoneSimulator.Deploy.0 = Release|Any CPU
		{469667BC-CD59-4B19-B19D-895168BF36C4}.Debug|Any CPU.ActiveCfg = Debug|iPhoneSimulator
		{469667BC-CD59-4B19-B19D-895168BF36C4}.Debug|iPhone.ActiveCfg = Debug|iPhone
		{469667BC-CD59-4B19-B19D-895168BF36C4}.Debug|iPhone.Build.0 = Debug|iPhone
		{469667BC-CD59-4B19-B19D-895168BF36C4}.Debug|iPhoneSimulator.ActiveCfg = Debug|iPhoneSimulator
		{469667BC-CD59-4B19-B19D-895168BF36C4}.Debug|iPhoneSimulator.Build.0 = Debug|iPhoneSimulator
		{469667BC-CD59-4B19-B19D-895168BF36C4}.Release|Any CPU.ActiveCfg = Release|iPhoneSimulator
		{469667BC-CD59-4B19-B19D-895168BF36C4}.Release|iPhone.ActiveCfg = Release|iPhone
		{469667BC-CD59-4B19-B19D-895168BF36C4}.Release|iPhone.Build.0 = Release|iPhone
		{469667BC-CD59-4B19-B19D-895168BF36C4}.Release|iPhoneSimulator.ActiveCfg = Release|iPhoneSimulator
		{469667BC-CD59-4B19-B19D-895168BF36C4}.Release|iPhoneSimulator.Build.0 = Release|iPhoneSimulator
	EndGlobalSection
	GlobalSection(SolutionProperties) = preSolution
		HideSolutionNode = FALSE
	EndGlobalSection
	GlobalSection(ExtensibilityGlobals) = postSolution
		SolutionGuid = {B0991DA3-DA39-4982-8DE9-C5828EA019D3}
	EndGlobalSection
EndGlobal
