Microsoft Visual Studio Solution File, Format Version 12.00
# Visual Studio Version 16
VisualStudioVersion = 16.0.29920.165
MinimumVisualStudioVersion = 10.0.40219.1
Project("{FAE04EC0-301F-11D3-BF4B-00C04F79EFBC}") = "ColorEachPointColorizerExample.Android", "ColorEachPointColorizerExample.Android\ColorEachPointColorizerExample.Android.csproj", "{FA14EA9E-A5C7-46F8-AE7B-0EDFCFFBD4E2}"
EndProject
Project("{FAE04EC0-301F-11D3-BF4B-00C04F79EFBC}") = "ColorEachPointColorizerExample.iOS", "ColorEachPointColorizerExample.iOS\ColorEachPointColorizerExample.iOS.csproj", "{FC164871-6A84-48D6-8477-DE9A4F0A8F94}"
EndProject
Project("{9A19103F-16F7-4668-BE54-9A1E7A4F7556}") = "ColorEachPointColorizerExample", "ColorEachPointColorizerExample\ColorEachPointColorizerExample.csproj", "{F036986C-D4DA-45BA-84B8-EDD06B5E9EF8}"
EndProject
Global
	GlobalSection(SolutionConfigurationPlatforms) = preSolution
		Debug|Any CPU = Debug|Any CPU
		Debug|iPhone = Debug|iPhone
		Debug|iPhoneSimulator = Debug|iPhoneSimulator
		Release|Any CPU = Release|Any CPU
		Release|iPhone = Release|iPhone
		Release|iPhoneSimulator = Release|iPhoneSimulator
	EndGlobalSection
	GlobalSection(ProjectConfigurationPlatforms) = postSolution
		{FA14EA9E-A5C7-46F8-AE7B-0EDFCFFBD4E2}.Debug|Any CPU.ActiveCfg = Debug|Any CPU
		{FA14EA9E-A5C7-46F8-AE7B-0EDFCFFBD4E2}.Debug|Any CPU.Build.0 = Debug|Any CPU
		{FA14EA9E-A5C7-46F8-AE7B-0EDFCFFBD4E2}.Debug|Any CPU.Deploy.0 = Debug|Any CPU
		{FA14EA9E-A5C7-46F8-AE7B-0EDFCFFBD4E2}.Debug|iPhone.ActiveCfg = Debug|Any CPU
		{FA14EA9E-A5C7-46F8-AE7B-0EDFCFFBD4E2}.Debug|iPhone.Build.0 = Debug|Any CPU
		{FA14EA9E-A5C7-46F8-AE7B-0EDFCFFBD4E2}.Debug|iPhoneSimulator.ActiveCfg = Debug|Any CPU
		{FA14EA9E-A5C7-46F8-AE7B-0EDFCFFBD4E2}.Debug|iPhoneSimulator.Build.0 = Debug|Any CPU
		{FA14EA9E-A5C7-46F8-AE7B-0EDFCFFBD4E2}.Debug|iPhoneSimulator.Deploy.0 = Debug|Any CPU
		{FA14EA9E-A5C7-46F8-AE7B-0EDFCFFBD4E2}.Release|Any CPU.ActiveCfg = Release|Any CPU
		{FA14EA9E-A5C7-46F8-AE7B-0EDFCFFBD4E2}.Release|Any CPU.Build.0 = Release|Any CPU
		{FA14EA9E-A5C7-46F8-AE7B-0EDFCFFBD4E2}.Release|iPhone.ActiveCfg = Release|Any CPU
		{FA14EA9E-A5C7-46F8-AE7B-0EDFCFFBD4E2}.Release|iPhone.Build.0 = Release|Any CPU
		{FA14EA9E-A5C7-46F8-AE7B-0EDFCFFBD4E2}.Release|iPhoneSimulator.ActiveCfg = Release|Any CPU
		{FA14EA9E-A5C7-46F8-AE7B-0EDFCFFBD4E2}.Release|iPhoneSimulator.Build.0 = Release|Any CPU
		{FC164871-6A84-48D6-8477-DE9A4F0A8F94}.Debug|Any CPU.ActiveCfg = Debug|iPhoneSimulator
		{FC164871-6A84-48D6-8477-DE9A4F0A8F94}.Debug|Any CPU.Build.0 = Debug|iPhoneSimulator
		{FC164871-6A84-48D6-8477-DE9A4F0A8F94}.Debug|iPhone.ActiveCfg = Debug|iPhone
		{FC164871-6A84-48D6-8477-DE9A4F0A8F94}.Debug|iPhone.Build.0 = Debug|iPhone
		{FC164871-6A84-48D6-8477-DE9A4F0A8F94}.Debug|iPhoneSimulator.ActiveCfg = Debug|iPhoneSimulator
		{FC164871-6A84-48D6-8477-DE9A4F0A8F94}.Debug|iPhoneSimulator.Build.0 = Debug|iPhoneSimulator
		{FC164871-6A84-48D6-8477-DE9A4F0A8F94}.Release|Any CPU.ActiveCfg = Release|iPhoneSimulator
		{FC164871-6A84-48D6-8477-DE9A4F0A8F94}.Release|Any CPU.Build.0 = Release|iPhoneSimulator
		{FC164871-6A84-48D6-8477-DE9A4F0A8F94}.Release|iPhone.ActiveCfg = Release|iPhone
		{FC164871-6A84-48D6-8477-DE9A4F0A8F94}.Release|iPhone.Build.0 = Release|iPhone
		{FC164871-6A84-48D6-8477-DE9A4F0A8F94}.Release|iPhoneSimulator.ActiveCfg = Release|iPhoneSimulator
		{FC164871-6A84-48D6-8477-DE9A4F0A8F94}.Release|iPhoneSimulator.Build.0 = Release|iPhoneSimulator
		{F036986C-D4DA-45BA-84B8-EDD06B5E9EF8}.Debug|Any CPU.ActiveCfg = Debug|Any CPU
		{F036986C-D4DA-45BA-84B8-EDD06B5E9EF8}.Debug|Any CPU.Build.0 = Debug|Any CPU
		{F036986C-D4DA-45BA-84B8-EDD06B5E9EF8}.Debug|iPhone.ActiveCfg = Debug|Any CPU
		{F036986C-D4DA-45BA-84B8-EDD06B5E9EF8}.Debug|iPhone.Build.0 = Debug|Any CPU
		{F036986C-D4DA-45BA-84B8-EDD06B5E9EF8}.Debug|iPhoneSimulator.ActiveCfg = Debug|Any CPU
		{F036986C-D4DA-45BA-84B8-EDD06B5E9EF8}.Debug|iPhoneSimulator.Build.0 = Debug|Any CPU
		{F036986C-D4DA-45BA-84B8-EDD06B5E9EF8}.Release|Any CPU.ActiveCfg = Release|Any CPU
		{F036986C-D4DA-45BA-84B8-EDD06B5E9EF8}.Release|Any CPU.Build.0 = Release|Any CPU
		{F036986C-D4DA-45BA-84B8-EDD06B5E9EF8}.Release|iPhone.ActiveCfg = Release|Any CPU
		{F036986C-D4DA-45BA-84B8-EDD06B5E9EF8}.Release|iPhone.Build.0 = Release|Any CPU
		{F036986C-D4DA-45BA-84B8-EDD06B5E9EF8}.Release|iPhoneSimulator.ActiveCfg = Release|Any CPU
		{F036986C-D4DA-45BA-84B8-EDD06B5E9EF8}.Release|iPhoneSimulator.Build.0 = Release|Any CPU
	EndGlobalSection
	GlobalSection(SolutionProperties) = preSolution
		HideSolutionNode = FALSE
	EndGlobalSection
	GlobalSection(ExtensibilityGlobals) = postSolution
		SolutionGuid = {82AD8FC6-25BC-4D5E-A6ED-247F144F8EC4}
	EndGlobalSection
EndGlobal
