Microsoft Visual Studio Solution File, Format Version 12.00
# Visual Studio Version 16
VisualStudioVersion = 16.0.29920.165
MinimumVisualStudioVersion = 10.0.40219.1
Project("{FAE04EC0-301F-11D3-BF4B-00C04F79EFBC}") = "IndexBasedCustomPointColorizerExample.Android", "IndexBasedCustomPointColorizerExample.Android\IndexBasedCustomPointColorizerExample.Android.csproj", "{8E03EDDB-E423-4C5F-A0F0-B767AD8C9394}"
EndProject
Project("{FAE04EC0-301F-11D3-BF4B-00C04F79EFBC}") = "IndexBasedCustomPointColorizerExample.iOS", "IndexBasedCustomPointColorizerExample.iOS\IndexBasedCustomPointColorizerExample.iOS.csproj", "{A59F9F1C-CD4F-423A-BBB5-00115B3E5170}"
EndProject
Project("{9A19103F-16F7-4668-BE54-9A1E7A4F7556}") = "IndexBasedCustomPointColorizerExample", "IndexBasedCustomPointColorizerExample\IndexBasedCustomPointColorizerExample.csproj", "{2B66AD20-ED59-4DA7-A1B0-37B8BE5CC67F}"
EndProject
Global
	GlobalSection(SolutionConfigurationPlatforms) = preSolution
		Debug|Any CPU = Debug|Any CPU
		Debug|iPhone = Debug|iPhone
		Debug|iPhoneSimulator = Debug|iPhoneSimulator
		Release|Any CPU = Release|Any CPU
		Release|iPhone = Release|iPhone
		Release|iPhoneSimulator = Release|iPhoneSimulator
	EndGlobalSection
	GlobalSection(ProjectConfigurationPlatforms) = postSolution
		{8E03EDDB-E423-4C5F-A0F0-B767AD8C9394}.Debug|Any CPU.ActiveCfg = Debug|Any CPU
		{8E03EDDB-E423-4C5F-A0F0-B767AD8C9394}.Debug|Any CPU.Build.0 = Debug|Any CPU
		{8E03EDDB-E423-4C5F-A0F0-B767AD8C9394}.Debug|iPhone.ActiveCfg = Debug|Any CPU
		{8E03EDDB-E423-4C5F-A0F0-B767AD8C9394}.Debug|iPhone.Build.0 = Debug|Any CPU
		{8E03EDDB-E423-4C5F-A0F0-B767AD8C9394}.Debug|iPhoneSimulator.ActiveCfg = Debug|Any CPU
		{8E03EDDB-E423-4C5F-A0F0-B767AD8C9394}.Debug|iPhoneSimulator.Build.0 = Debug|Any CPU
		{8E03EDDB-E423-4C5F-A0F0-B767AD8C9394}.Debug|iPhoneSimulator.Deploy.0 = Debug|Any CPU
		{8E03EDDB-E423-4C5F-A0F0-B767AD8C9394}.Release|Any CPU.ActiveCfg = Release|Any CPU
		{8E03EDDB-E423-4C5F-A0F0-B767AD8C9394}.Release|Any CPU.Build.0 = Release|Any CPU
		{8E03EDDB-E423-4C5F-A0F0-B767AD8C9394}.Release|iPhone.ActiveCfg = Release|Any CPU
		{8E03EDDB-E423-4C5F-A0F0-B767AD8C9394}.Release|iPhone.Build.0 = Release|Any CPU
		{8E03EDDB-E423-4C5F-A0F0-B767AD8C9394}.Release|iPhoneSimulator.ActiveCfg = Release|Any CPU
		{8E03EDDB-E423-4C5F-A0F0-B767AD8C9394}.Release|iPhoneSimulator.Build.0 = Release|Any CPU
		{A59F9F1C-CD4F-423A-BBB5-00115B3E5170}.Debug|Any CPU.ActiveCfg = Debug|iPhoneSimulator
		{A59F9F1C-CD4F-423A-BBB5-00115B3E5170}.Debug|Any CPU.Build.0 = Debug|iPhoneSimulator
		{A59F9F1C-CD4F-423A-BBB5-00115B3E5170}.Debug|iPhone.ActiveCfg = Debug|iPhone
		{A59F9F1C-CD4F-423A-BBB5-00115B3E5170}.Debug|iPhone.Build.0 = Debug|iPhone
		{A59F9F1C-CD4F-423A-BBB5-00115B3E5170}.Debug|iPhoneSimulator.ActiveCfg = Debug|iPhoneSimulator
		{A59F9F1C-CD4F-423A-BBB5-00115B3E5170}.Debug|iPhoneSimulator.Build.0 = Debug|iPhoneSimulator
		{A59F9F1C-CD4F-423A-BBB5-00115B3E5170}.Release|Any CPU.ActiveCfg = Release|iPhoneSimulator
		{A59F9F1C-CD4F-423A-BBB5-00115B3E5170}.Release|Any CPU.Build.0 = Release|iPhoneSimulator
		{A59F9F1C-CD4F-423A-BBB5-00115B3E5170}.Release|iPhone.ActiveCfg = Release|iPhone
		{A59F9F1C-CD4F-423A-BBB5-00115B3E5170}.Release|iPhone.Build.0 = Release|iPhone
		{A59F9F1C-CD4F-423A-BBB5-00115B3E5170}.Release|iPhoneSimulator.ActiveCfg = Release|iPhoneSimulator
		{A59F9F1C-CD4F-423A-BBB5-00115B3E5170}.Release|iPhoneSimulator.Build.0 = Release|iPhoneSimulator
		{2B66AD20-ED59-4DA7-A1B0-37B8BE5CC67F}.Debug|Any CPU.ActiveCfg = Debug|Any CPU
		{2B66AD20-ED59-4DA7-A1B0-37B8BE5CC67F}.Debug|Any CPU.Build.0 = Debug|Any CPU
		{2B66AD20-ED59-4DA7-A1B0-37B8BE5CC67F}.Debug|iPhone.ActiveCfg = Debug|Any CPU
		{2B66AD20-ED59-4DA7-A1B0-37B8BE5CC67F}.Debug|iPhone.Build.0 = Debug|Any CPU
		{2B66AD20-ED59-4DA7-A1B0-37B8BE5CC67F}.Debug|iPhoneSimulator.ActiveCfg = Debug|Any CPU
		{2B66AD20-ED59-4DA7-A1B0-37B8BE5CC67F}.Debug|iPhoneSimulator.Build.0 = Debug|Any CPU
		{2B66AD20-ED59-4DA7-A1B0-37B8BE5CC67F}.Release|Any CPU.ActiveCfg = Release|Any CPU
		{2B66AD20-ED59-4DA7-A1B0-37B8BE5CC67F}.Release|Any CPU.Build.0 = Release|Any CPU
		{2B66AD20-ED59-4DA7-A1B0-37B8BE5CC67F}.Release|iPhone.ActiveCfg = Release|Any CPU
		{2B66AD20-ED59-4DA7-A1B0-37B8BE5CC67F}.Release|iPhone.Build.0 = Release|Any CPU
		{2B66AD20-ED59-4DA7-A1B0-37B8BE5CC67F}.Release|iPhoneSimulator.ActiveCfg = Release|Any CPU
		{2B66AD20-ED59-4DA7-A1B0-37B8BE5CC67F}.Release|iPhoneSimulator.Build.0 = Release|Any CPU
	EndGlobalSection
	GlobalSection(SolutionProperties) = preSolution
		HideSolutionNode = FALSE
	EndGlobalSection
	GlobalSection(ExtensibilityGlobals) = postSolution
		SolutionGuid = {8223770A-546C-4517-9707-6D27363FFDA4}
	EndGlobalSection
EndGlobal
